// !$*UTF8*$!
{
	archiveVersion = 1;
	classes = {
	};
	objectVersion = 55;
	objects = {

/* Begin PBXBuildFile section */
		57A89CA88024C2A03C5AC44A /* Pods_Waffle_WaffleUITests.framework in Frameworks */ = {isa = PBXBuildFile; fileRef = F71E0353C016D52FC2CAE901 /* Pods_Waffle_WaffleUITests.framework */; };
		63054AD9F45707A8D8DE29DD /* Pods_WaffleTests.framework in Frameworks */ = {isa = PBXBuildFile; fileRef = BE142431BB853F5F4E00B33E /* Pods_WaffleTests.framework */; };
		7FA1D801216F3A22E519B5ED /* Pods_Waffle.framework in Frameworks */ = {isa = PBXBuildFile; fileRef = 78DF3A9DF91B1DC517C009B1 /* Pods_Waffle.framework */; };
		F2125D0A284DFC25008E1185 /* Login.storyboard in Resources */ = {isa = PBXBuildFile; fileRef = F2125D09284DFC25008E1185 /* Login.storyboard */; };
		F2125D0C284DFC67008E1185 /* LoginViewController.swift in Sources */ = {isa = PBXBuildFile; fileRef = F2125D0B284DFC67008E1185 /* LoginViewController.swift */; };
		F2125D0E284DFDD5008E1185 /* LoginViewModel.swift in Sources */ = {isa = PBXBuildFile; fileRef = F2125D0D284DFDD5008E1185 /* LoginViewModel.swift */; };
		F2125D11284E0C3D008E1185 /* Coordinator.swift in Sources */ = {isa = PBXBuildFile; fileRef = F2125D10284E0C3D008E1185 /* Coordinator.swift */; };
		F2125D14284E0E88008E1185 /* UserDefaultKey.swift in Sources */ = {isa = PBXBuildFile; fileRef = F2125D13284E0E88008E1185 /* UserDefaultKey.swift */; };
		F2125D1C284E1046008E1185 /* LoginCoordinatorProtocol.swift in Sources */ = {isa = PBXBuildFile; fileRef = F2125D1B284E1046008E1185 /* LoginCoordinatorProtocol.swift */; };
		F2125D1E284E10B8008E1185 /* LoginCoordinator.swift in Sources */ = {isa = PBXBuildFile; fileRef = F2125D1D284E10B8008E1185 /* LoginCoordinator.swift */; };
		F2125D21284E1379008E1185 /* AppCoordinator.swift in Sources */ = {isa = PBXBuildFile; fileRef = F2125D20284E1379008E1185 /* AppCoordinator.swift */; };
		F2125D23284E15CA008E1185 /* CoordinatorType.swift in Sources */ = {isa = PBXBuildFile; fileRef = F2125D22284E15CA008E1185 /* CoordinatorType.swift */; };
		F2125D26284E16FE008E1185 /* CoordinatorFinishDelegate.swift in Sources */ = {isa = PBXBuildFile; fileRef = F2125D25284E16FE008E1185 /* CoordinatorFinishDelegate.swift */; };
		F2125D29284E1922008E1185 /* TabBarCoordinatorProtocol.swift in Sources */ = {isa = PBXBuildFile; fileRef = F2125D28284E1922008E1185 /* TabBarCoordinatorProtocol.swift */; };
		F2125D2B284E19AD008E1185 /* TapBarPage.swift in Sources */ = {isa = PBXBuildFile; fileRef = F2125D2A284E19AD008E1185 /* TapBarPage.swift */; };
		F2125D2D284E1D62008E1185 /* TabBarCoordinator.swift in Sources */ = {isa = PBXBuildFile; fileRef = F2125D2C284E1D62008E1185 /* TabBarCoordinator.swift */; };
		F2125D2F284E2752008E1185 /* Config.swift in Sources */ = {isa = PBXBuildFile; fileRef = F2125D2E284E2752008E1185 /* Config.swift */; };
		F2125D35284E5270008E1185 /* LoginUseCase.swift in Sources */ = {isa = PBXBuildFile; fileRef = F2125D34284E5270008E1185 /* LoginUseCase.swift */; };
		F2125D37284E52A8008E1185 /* LoginUseCaseProtocol.swift in Sources */ = {isa = PBXBuildFile; fileRef = F2125D36284E52A8008E1185 /* LoginUseCaseProtocol.swift */; };
		F2125D3B284E5373008E1185 /* LoginRepositoryProtocol.swift in Sources */ = {isa = PBXBuildFile; fileRef = F2125D3A284E5373008E1185 /* LoginRepositoryProtocol.swift */; };
		F2125D3D284E53AB008E1185 /* LoginRepository.swift in Sources */ = {isa = PBXBuildFile; fileRef = F2125D3C284E53AB008E1185 /* LoginRepository.swift */; };
		F2125D42284E5560008E1185 /* NetworkRequestBuilder.swift in Sources */ = {isa = PBXBuildFile; fileRef = F2125D41284E5560008E1185 /* NetworkRequestBuilder.swift */; };
		F2125D44284E5686008E1185 /* URLSessionNetworkServiceProtocol.swift in Sources */ = {isa = PBXBuildFile; fileRef = F2125D43284E5686008E1185 /* URLSessionNetworkServiceProtocol.swift */; };
		F2125D46284E56E8008E1185 /* URLSessionNetworkService.swift in Sources */ = {isa = PBXBuildFile; fileRef = F2125D45284E56E8008E1185 /* URLSessionNetworkService.swift */; };
		F2125D4E284E60E5008E1185 /* SignUpViewController.swift in Sources */ = {isa = PBXBuildFile; fileRef = F2125D4D284E60E5008E1185 /* SignUpViewController.swift */; };
		F2125D51284E60FD008E1185 /* SignUp.storyboard in Resources */ = {isa = PBXBuildFile; fileRef = F2125D50284E60FD008E1185 /* SignUp.storyboard */; };
		F2125D53284E613B008E1185 /* SignUpViewModel.swift in Sources */ = {isa = PBXBuildFile; fileRef = F2125D52284E613B008E1185 /* SignUpViewModel.swift */; };
		F2125D55284E635C008E1185 /*  UINavigationItem.swift in Sources */ = {isa = PBXBuildFile; fileRef = F2125D54284E635C008E1185 /*  UINavigationItem.swift */; };
		F21972C3284B8B3F0086E56B /* AppCoordinatorProtocol.swift in Sources */ = {isa = PBXBuildFile; fileRef = F21972C2284B8B3F0086E56B /* AppCoordinatorProtocol.swift */; };
		F21972CB284B8BF80086E56B /* Colors.xcassets in Resources */ = {isa = PBXBuildFile; fileRef = F21972CA284B8BF80086E56B /* Colors.xcassets */; };
		F2A412D82849EFD700E04BF5 /* AppDelegate.swift in Sources */ = {isa = PBXBuildFile; fileRef = F2A412D72849EFD700E04BF5 /* AppDelegate.swift */; };
		F2A412DA2849EFD700E04BF5 /* SceneDelegate.swift in Sources */ = {isa = PBXBuildFile; fileRef = F2A412D92849EFD700E04BF5 /* SceneDelegate.swift */; };
		F2A412DC2849EFD700E04BF5 /* ViewController.swift in Sources */ = {isa = PBXBuildFile; fileRef = F2A412DB2849EFD700E04BF5 /* ViewController.swift */; };
		F2A412DF2849EFD700E04BF5 /* Main.storyboard in Resources */ = {isa = PBXBuildFile; fileRef = F2A412DD2849EFD700E04BF5 /* Main.storyboard */; };
		F2A412E12849EFD900E04BF5 /* Assets.xcassets in Resources */ = {isa = PBXBuildFile; fileRef = F2A412E02849EFD900E04BF5 /* Assets.xcassets */; };
		F2A412E42849EFD900E04BF5 /* LaunchScreen.storyboard in Resources */ = {isa = PBXBuildFile; fileRef = F2A412E22849EFD900E04BF5 /* LaunchScreen.storyboard */; };
		F2A412EF2849EFD900E04BF5 /* WaffleTests.swift in Sources */ = {isa = PBXBuildFile; fileRef = F2A412EE2849EFD900E04BF5 /* WaffleTests.swift */; };
		F2A412F92849EFD900E04BF5 /* WaffleUITests.swift in Sources */ = {isa = PBXBuildFile; fileRef = F2A412F82849EFD900E04BF5 /* WaffleUITests.swift */; };
		F2A412FB2849EFD900E04BF5 /* WaffleUITestsLaunchTests.swift in Sources */ = {isa = PBXBuildFile; fileRef = F2A412FA2849EFD900E04BF5 /* WaffleUITestsLaunchTests.swift */; };
/* End PBXBuildFile section */

/* Begin PBXContainerItemProxy section */
		F2A412EB2849EFD900E04BF5 /* PBXContainerItemProxy */ = {
			isa = PBXContainerItemProxy;
			containerPortal = F2A412CC2849EFD700E04BF5 /* Project object */;
			proxyType = 1;
			remoteGlobalIDString = F2A412D32849EFD700E04BF5;
			remoteInfo = Waffle;
		};
		F2A412F52849EFD900E04BF5 /* PBXContainerItemProxy */ = {
			isa = PBXContainerItemProxy;
			containerPortal = F2A412CC2849EFD700E04BF5 /* Project object */;
			proxyType = 1;
			remoteGlobalIDString = F2A412D32849EFD700E04BF5;
			remoteInfo = Waffle;
		};
/* End PBXContainerItemProxy section */

/* Begin PBXFileReference section */
		3137181A0A244FBFB41258C3 /* Pods-Waffle-WaffleUITests.debug.xcconfig */ = {isa = PBXFileReference; includeInIndex = 1; lastKnownFileType = text.xcconfig; name = "Pods-Waffle-WaffleUITests.debug.xcconfig"; path = "Target Support Files/Pods-Waffle-WaffleUITests/Pods-Waffle-WaffleUITests.debug.xcconfig"; sourceTree = "<group>"; };
		44462EB903AB7B8128E5EEF4 /* Pods-Waffle-WaffleUITests.release.xcconfig */ = {isa = PBXFileReference; includeInIndex = 1; lastKnownFileType = text.xcconfig; name = "Pods-Waffle-WaffleUITests.release.xcconfig"; path = "Target Support Files/Pods-Waffle-WaffleUITests/Pods-Waffle-WaffleUITests.release.xcconfig"; sourceTree = "<group>"; };
		56584A54E1159B7F75006EB4 /* Pods-WaffleTests.debug.xcconfig */ = {isa = PBXFileReference; includeInIndex = 1; lastKnownFileType = text.xcconfig; name = "Pods-WaffleTests.debug.xcconfig"; path = "Target Support Files/Pods-WaffleTests/Pods-WaffleTests.debug.xcconfig"; sourceTree = "<group>"; };
		65008EAE910B592BFD3F1DD7 /* Pods-Waffle.release.xcconfig */ = {isa = PBXFileReference; includeInIndex = 1; lastKnownFileType = text.xcconfig; name = "Pods-Waffle.release.xcconfig"; path = "Target Support Files/Pods-Waffle/Pods-Waffle.release.xcconfig"; sourceTree = "<group>"; };
		78DF3A9DF91B1DC517C009B1 /* Pods_Waffle.framework */ = {isa = PBXFileReference; explicitFileType = wrapper.framework; includeInIndex = 0; path = Pods_Waffle.framework; sourceTree = BUILT_PRODUCTS_DIR; };
		BE142431BB853F5F4E00B33E /* Pods_WaffleTests.framework */ = {isa = PBXFileReference; explicitFileType = wrapper.framework; includeInIndex = 0; path = Pods_WaffleTests.framework; sourceTree = BUILT_PRODUCTS_DIR; };
		EDAC56E515A0DCE28384B965 /* Pods-WaffleTests.release.xcconfig */ = {isa = PBXFileReference; includeInIndex = 1; lastKnownFileType = text.xcconfig; name = "Pods-WaffleTests.release.xcconfig"; path = "Target Support Files/Pods-WaffleTests/Pods-WaffleTests.release.xcconfig"; sourceTree = "<group>"; };
		F2125D09284DFC25008E1185 /* Login.storyboard */ = {isa = PBXFileReference; lastKnownFileType = file.storyboard; path = Login.storyboard; sourceTree = "<group>"; };
		F2125D0B284DFC67008E1185 /* LoginViewController.swift */ = {isa = PBXFileReference; lastKnownFileType = sourcecode.swift; path = LoginViewController.swift; sourceTree = "<group>"; };
		F2125D0D284DFDD5008E1185 /* LoginViewModel.swift */ = {isa = PBXFileReference; lastKnownFileType = sourcecode.swift; path = LoginViewModel.swift; sourceTree = "<group>"; };
		F2125D10284E0C3D008E1185 /* Coordinator.swift */ = {isa = PBXFileReference; lastKnownFileType = sourcecode.swift; path = Coordinator.swift; sourceTree = "<group>"; };
		F2125D13284E0E88008E1185 /* UserDefaultKey.swift */ = {isa = PBXFileReference; lastKnownFileType = sourcecode.swift; path = UserDefaultKey.swift; sourceTree = "<group>"; };
		F2125D1B284E1046008E1185 /* LoginCoordinatorProtocol.swift */ = {isa = PBXFileReference; lastKnownFileType = sourcecode.swift; path = LoginCoordinatorProtocol.swift; sourceTree = "<group>"; };
		F2125D1D284E10B8008E1185 /* LoginCoordinator.swift */ = {isa = PBXFileReference; lastKnownFileType = sourcecode.swift; path = LoginCoordinator.swift; sourceTree = "<group>"; };
		F2125D20284E1379008E1185 /* AppCoordinator.swift */ = {isa = PBXFileReference; lastKnownFileType = sourcecode.swift; path = AppCoordinator.swift; sourceTree = "<group>"; };
		F2125D22284E15CA008E1185 /* CoordinatorType.swift */ = {isa = PBXFileReference; lastKnownFileType = sourcecode.swift; path = CoordinatorType.swift; sourceTree = "<group>"; };
		F2125D25284E16FE008E1185 /* CoordinatorFinishDelegate.swift */ = {isa = PBXFileReference; lastKnownFileType = sourcecode.swift; path = CoordinatorFinishDelegate.swift; sourceTree = "<group>"; };
		F2125D28284E1922008E1185 /* TabBarCoordinatorProtocol.swift */ = {isa = PBXFileReference; lastKnownFileType = sourcecode.swift; path = TabBarCoordinatorProtocol.swift; sourceTree = "<group>"; };
		F2125D2A284E19AD008E1185 /* TapBarPage.swift */ = {isa = PBXFileReference; lastKnownFileType = sourcecode.swift; path = TapBarPage.swift; sourceTree = "<group>"; };
		F2125D2C284E1D62008E1185 /* TabBarCoordinator.swift */ = {isa = PBXFileReference; lastKnownFileType = sourcecode.swift; path = TabBarCoordinator.swift; sourceTree = "<group>"; };
		F2125D2E284E2752008E1185 /* Config.swift */ = {isa = PBXFileReference; lastKnownFileType = sourcecode.swift; path = Config.swift; sourceTree = "<group>"; };
		F2125D34284E5270008E1185 /* LoginUseCase.swift */ = {isa = PBXFileReference; lastKnownFileType = sourcecode.swift; path = LoginUseCase.swift; sourceTree = "<group>"; };
		F2125D36284E52A8008E1185 /* LoginUseCaseProtocol.swift */ = {isa = PBXFileReference; lastKnownFileType = sourcecode.swift; path = LoginUseCaseProtocol.swift; sourceTree = "<group>"; };
		F2125D3A284E5373008E1185 /* LoginRepositoryProtocol.swift */ = {isa = PBXFileReference; lastKnownFileType = sourcecode.swift; path = LoginRepositoryProtocol.swift; sourceTree = "<group>"; };
		F2125D3C284E53AB008E1185 /* LoginRepository.swift */ = {isa = PBXFileReference; lastKnownFileType = sourcecode.swift; path = LoginRepository.swift; sourceTree = "<group>"; };
		F2125D41284E5560008E1185 /* NetworkRequestBuilder.swift */ = {isa = PBXFileReference; lastKnownFileType = sourcecode.swift; path = NetworkRequestBuilder.swift; sourceTree = "<group>"; };
		F2125D43284E5686008E1185 /* URLSessionNetworkServiceProtocol.swift */ = {isa = PBXFileReference; lastKnownFileType = sourcecode.swift; path = URLSessionNetworkServiceProtocol.swift; sourceTree = "<group>"; };
		F2125D45284E56E8008E1185 /* URLSessionNetworkService.swift */ = {isa = PBXFileReference; lastKnownFileType = sourcecode.swift; path = URLSessionNetworkService.swift; sourceTree = "<group>"; };
		F2125D4D284E60E5008E1185 /* SignUpViewController.swift */ = {isa = PBXFileReference; lastKnownFileType = sourcecode.swift; path = SignUpViewController.swift; sourceTree = "<group>"; };
		F2125D50284E60FD008E1185 /* SignUp.storyboard */ = {isa = PBXFileReference; lastKnownFileType = file.storyboard; path = SignUp.storyboard; sourceTree = "<group>"; };
		F2125D52284E613B008E1185 /* SignUpViewModel.swift */ = {isa = PBXFileReference; lastKnownFileType = sourcecode.swift; path = SignUpViewModel.swift; sourceTree = "<group>"; };
		F2125D54284E635C008E1185 /*  UINavigationItem.swift */ = {isa = PBXFileReference; lastKnownFileType = sourcecode.swift; path = " UINavigationItem.swift"; sourceTree = "<group>"; };
		F21972C2284B8B3F0086E56B /* AppCoordinatorProtocol.swift */ = {isa = PBXFileReference; lastKnownFileType = sourcecode.swift; path = AppCoordinatorProtocol.swift; sourceTree = "<group>"; };
		F21972CA284B8BF80086E56B /* Colors.xcassets */ = {isa = PBXFileReference; lastKnownFileType = folder.assetcatalog; path = Colors.xcassets; sourceTree = "<group>"; };
		F2A412D42849EFD700E04BF5 /* Waffle.app */ = {isa = PBXFileReference; explicitFileType = wrapper.application; includeInIndex = 0; path = Waffle.app; sourceTree = BUILT_PRODUCTS_DIR; };
		F2A412D72849EFD700E04BF5 /* AppDelegate.swift */ = {isa = PBXFileReference; lastKnownFileType = sourcecode.swift; path = AppDelegate.swift; sourceTree = "<group>"; };
		F2A412D92849EFD700E04BF5 /* SceneDelegate.swift */ = {isa = PBXFileReference; lastKnownFileType = sourcecode.swift; path = SceneDelegate.swift; sourceTree = "<group>"; };
		F2A412DB2849EFD700E04BF5 /* ViewController.swift */ = {isa = PBXFileReference; lastKnownFileType = sourcecode.swift; path = ViewController.swift; sourceTree = "<group>"; };
		F2A412DE2849EFD700E04BF5 /* Base */ = {isa = PBXFileReference; lastKnownFileType = file.storyboard; name = Base; path = Base.lproj/Main.storyboard; sourceTree = "<group>"; };
		F2A412E02849EFD900E04BF5 /* Assets.xcassets */ = {isa = PBXFileReference; lastKnownFileType = folder.assetcatalog; path = Assets.xcassets; sourceTree = "<group>"; };
		F2A412E32849EFD900E04BF5 /* Base */ = {isa = PBXFileReference; lastKnownFileType = file.storyboard; name = Base; path = Base.lproj/LaunchScreen.storyboard; sourceTree = "<group>"; };
		F2A412E52849EFD900E04BF5 /* Info.plist */ = {isa = PBXFileReference; lastKnownFileType = text.plist.xml; path = Info.plist; sourceTree = "<group>"; };
		F2A412EA2849EFD900E04BF5 /* WaffleTests.xctest */ = {isa = PBXFileReference; explicitFileType = wrapper.cfbundle; includeInIndex = 0; path = WaffleTests.xctest; sourceTree = BUILT_PRODUCTS_DIR; };
		F2A412EE2849EFD900E04BF5 /* WaffleTests.swift */ = {isa = PBXFileReference; lastKnownFileType = sourcecode.swift; path = WaffleTests.swift; sourceTree = "<group>"; };
		F2A412F42849EFD900E04BF5 /* WaffleUITests.xctest */ = {isa = PBXFileReference; explicitFileType = wrapper.cfbundle; includeInIndex = 0; path = WaffleUITests.xctest; sourceTree = BUILT_PRODUCTS_DIR; };
		F2A412F82849EFD900E04BF5 /* WaffleUITests.swift */ = {isa = PBXFileReference; lastKnownFileType = sourcecode.swift; path = WaffleUITests.swift; sourceTree = "<group>"; };
		F2A412FA2849EFD900E04BF5 /* WaffleUITestsLaunchTests.swift */ = {isa = PBXFileReference; lastKnownFileType = sourcecode.swift; path = WaffleUITestsLaunchTests.swift; sourceTree = "<group>"; };
		F71E0353C016D52FC2CAE901 /* Pods_Waffle_WaffleUITests.framework */ = {isa = PBXFileReference; explicitFileType = wrapper.framework; includeInIndex = 0; path = Pods_Waffle_WaffleUITests.framework; sourceTree = BUILT_PRODUCTS_DIR; };
		FAC761AD9514C9B3C2A0D338 /* Pods-Waffle.debug.xcconfig */ = {isa = PBXFileReference; includeInIndex = 1; lastKnownFileType = text.xcconfig; name = "Pods-Waffle.debug.xcconfig"; path = "Target Support Files/Pods-Waffle/Pods-Waffle.debug.xcconfig"; sourceTree = "<group>"; };
/* End PBXFileReference section */

/* Begin PBXFrameworksBuildPhase section */
		F2A412D12849EFD700E04BF5 /* Frameworks */ = {
			isa = PBXFrameworksBuildPhase;
			buildActionMask = 2147483647;
			files = (
				7FA1D801216F3A22E519B5ED /* Pods_Waffle.framework in Frameworks */,
			);
			runOnlyForDeploymentPostprocessing = 0;
		};
		F2A412E72849EFD900E04BF5 /* Frameworks */ = {
			isa = PBXFrameworksBuildPhase;
			buildActionMask = 2147483647;
			files = (
				63054AD9F45707A8D8DE29DD /* Pods_WaffleTests.framework in Frameworks */,
			);
			runOnlyForDeploymentPostprocessing = 0;
		};
		F2A412F12849EFD900E04BF5 /* Frameworks */ = {
			isa = PBXFrameworksBuildPhase;
			buildActionMask = 2147483647;
			files = (
				57A89CA88024C2A03C5AC44A /* Pods_Waffle_WaffleUITests.framework in Frameworks */,
			);
			runOnlyForDeploymentPostprocessing = 0;
		};
/* End PBXFrameworksBuildPhase section */

/* Begin PBXGroup section */
		07CFBAE34DEF76E1075B37B1 /* Frameworks */ = {
			isa = PBXGroup;
			children = (
				78DF3A9DF91B1DC517C009B1 /* Pods_Waffle.framework */,
				F71E0353C016D52FC2CAE901 /* Pods_Waffle_WaffleUITests.framework */,
				BE142431BB853F5F4E00B33E /* Pods_WaffleTests.framework */,
			);
			name = Frameworks;
			sourceTree = "<group>";
		};
		EDA61873935AB7625B636134 /* Pods */ = {
			isa = PBXGroup;
			children = (
				FAC761AD9514C9B3C2A0D338 /* Pods-Waffle.debug.xcconfig */,
				65008EAE910B592BFD3F1DD7 /* Pods-Waffle.release.xcconfig */,
				3137181A0A244FBFB41258C3 /* Pods-Waffle-WaffleUITests.debug.xcconfig */,
				44462EB903AB7B8128E5EEF4 /* Pods-Waffle-WaffleUITests.release.xcconfig */,
				56584A54E1159B7F75006EB4 /* Pods-WaffleTests.debug.xcconfig */,
				EDAC56E515A0DCE28384B965 /* Pods-WaffleTests.release.xcconfig */,
			);
			path = Pods;
			sourceTree = "<group>";
		};
		F2125D0F284E0C2C008E1185 /* Protocol */ = {
			isa = PBXGroup;
			children = (
				F2125D27284E1908008E1185 /* Base */,
				F21972C2284B8B3F0086E56B /* AppCoordinatorProtocol.swift */,
				F2125D28284E1922008E1185 /* TabBarCoordinatorProtocol.swift */,
			);
			path = Protocol;
			sourceTree = "<group>";
		};
		F2125D12284E0E79008E1185 /* Constant */ = {
			isa = PBXGroup;
			children = (
				F2125D13284E0E88008E1185 /* UserDefaultKey.swift */,
				F2125D22284E15CA008E1185 /* CoordinatorType.swift */,
				F2125D2A284E19AD008E1185 /* TapBarPage.swift */,
				F2125D2E284E2752008E1185 /* Config.swift */,
			);
			path = Constant;
			sourceTree = "<group>";
		};
		F2125D15284E0F41008E1185 /* View */ = {
			isa = PBXGroup;
			children = (
				F2125D09284DFC25008E1185 /* Login.storyboard */,
			);
			path = View;
			sourceTree = "<group>";
		};
		F2125D16284E0F76008E1185 /* ViewController */ = {
			isa = PBXGroup;
			children = (
				F2125D0B284DFC67008E1185 /* LoginViewController.swift */,
			);
			path = ViewController;
			sourceTree = "<group>";
		};
		F2125D17284E0F7F008E1185 /* ViewModel */ = {
			isa = PBXGroup;
			children = (
				F2125D0D284DFDD5008E1185 /* LoginViewModel.swift */,
			);
			path = ViewModel;
			sourceTree = "<group>";
		};
		F2125D18284E1023008E1185 /* Coordinator */ = {
			isa = PBXGroup;
			children = (
				F2125D19284E102B008E1185 /* Protocol */,
				F2125D1D284E10B8008E1185 /* LoginCoordinator.swift */,
			);
			path = Coordinator;
			sourceTree = "<group>";
		};
		F2125D19284E102B008E1185 /* Protocol */ = {
			isa = PBXGroup;
			children = (
				F2125D1B284E1046008E1185 /* LoginCoordinatorProtocol.swift */,
			);
			path = Protocol;
			sourceTree = "<group>";
		};
		F2125D1F284E1239008E1185 /* SignUpScene */ = {
			isa = PBXGroup;
			children = (
				F2125D4F284E60F0008E1185 /* View */,
				F2125D4C284E60D4008E1185 /* Coordinator */,
				F2125D4B284E60CF008E1185 /* ViewModel */,
				F2125D4A284E60C8008E1185 /* ViewController */,
			);
			path = SignUpScene;
			sourceTree = "<group>";
		};
		F2125D24284E160A008E1185 /* MapScene */ = {
			isa = PBXGroup;
			children = (
			);
			path = MapScene;
			sourceTree = "<group>";
		};
		F2125D27284E1908008E1185 /* Base */ = {
			isa = PBXGroup;
			children = (
				F2125D25284E16FE008E1185 /* CoordinatorFinishDelegate.swift */,
				F2125D10284E0C3D008E1185 /* Coordinator.swift */,
			);
			path = Base;
			sourceTree = "<group>";
		};
		F2125D30284E4482008E1185 /* ViewController */ = {
			isa = PBXGroup;
			children = (
			);
			path = ViewController;
			sourceTree = "<group>";
		};
		F2125D31284E4490008E1185 /* ViewModel */ = {
			isa = PBXGroup;
			children = (
			);
			path = ViewModel;
			sourceTree = "<group>";
		};
		F2125D32284E449A008E1185 /* Coordinator */ = {
			isa = PBXGroup;
			children = (
			);
			path = Coordinator;
			sourceTree = "<group>";
		};
		F2125D38284E534F008E1185 /* UseCase */ = {
			isa = PBXGroup;
			children = (
				F2125D36284E52A8008E1185 /* LoginUseCaseProtocol.swift */,
			);
			path = UseCase;
			sourceTree = "<group>";
		};
		F2125D39284E5358008E1185 /* Repositories */ = {
			isa = PBXGroup;
			children = (
				F2125D3A284E5373008E1185 /* LoginRepositoryProtocol.swift */,
			);
			path = Repositories;
			sourceTree = "<group>";
		};
		F2125D3E284E5437008E1185 /* Interfaces */ = {
			isa = PBXGroup;
			children = (
				F2125D43284E5686008E1185 /* URLSessionNetworkServiceProtocol.swift */,
			);
			path = Interfaces;
			sourceTree = "<group>";
		};
		F2125D40284E550B008E1185 /* Services */ = {
			isa = PBXGroup;
			children = (
				F2125D41284E5560008E1185 /* NetworkRequestBuilder.swift */,
				F2125D45284E56E8008E1185 /* URLSessionNetworkService.swift */,
			);
			path = Services;
			sourceTree = "<group>";
		};
		F2125D49284E5CDD008E1185 /* Coordinator */ = {
			isa = PBXGroup;
			children = (
				F2125D2C284E1D62008E1185 /* TabBarCoordinator.swift */,
				F2125D20284E1379008E1185 /* AppCoordinator.swift */,
			);
			path = Coordinator;
			sourceTree = "<group>";
		};
		F2125D4A284E60C8008E1185 /* ViewController */ = {
			isa = PBXGroup;
			children = (
				F2125D4D284E60E5008E1185 /* SignUpViewController.swift */,
			);
			path = ViewController;
			sourceTree = "<group>";
		};
		F2125D4B284E60CF008E1185 /* ViewModel */ = {
			isa = PBXGroup;
			children = (
				F2125D52284E613B008E1185 /* SignUpViewModel.swift */,
			);
			path = ViewModel;
			sourceTree = "<group>";
		};
		F2125D4C284E60D4008E1185 /* Coordinator */ = {
			isa = PBXGroup;
			children = (
			);
			path = Coordinator;
			sourceTree = "<group>";
		};
		F2125D4F284E60F0008E1185 /* View */ = {
			isa = PBXGroup;
			children = (
				F2125D50284E60FD008E1185 /* SignUp.storyboard */,
			);
			path = View;
			sourceTree = "<group>";
		};
		F21972BF284B8AC50086E56B /* Presentation */ = {
			isa = PBXGroup;
			children = (
				F2125D24284E160A008E1185 /* MapScene */,
				F21972D1284B8CCF0086E56B /* SettingScene */,
				F21972D0284B8C980086E56B /* HomeScene */,
				F21972CF284B8C7E0086E56B /* LoginScene */,
				F2125D1F284E1239008E1185 /* SignUpScene */,
				F21972C0284B8ACF0086E56B /* Common */,
			);
			path = Presentation;
			sourceTree = "<group>";
		};
		F21972C0284B8ACF0086E56B /* Common */ = {
			isa = PBXGroup;
			children = (
				F2125D49284E5CDD008E1185 /* Coordinator */,
				F2125D0F284E0C2C008E1185 /* Protocol */,
			);
			path = Common;
			sourceTree = "<group>";
		};
		F21972C1284B8AE80086E56B /* Application */ = {
			isa = PBXGroup;
			children = (
				F2A412D72849EFD700E04BF5 /* AppDelegate.swift */,
				F2A412D92849EFD700E04BF5 /* SceneDelegate.swift */,
			);
			path = Application;
			sourceTree = "<group>";
		};
		F21972C4284B8B770086E56B /* Domain */ = {
			isa = PBXGroup;
			children = (
				F21972C7284B8B990086E56B /* Interfaces */,
				F21972C6284B8B900086E56B /* Entities */,
				F21972C5284B8B800086E56B /* UseCases */,
			);
			path = Domain;
			sourceTree = "<group>";
		};
		F21972C5284B8B800086E56B /* UseCases */ = {
			isa = PBXGroup;
			children = (
				F2125D34284E5270008E1185 /* LoginUseCase.swift */,
			);
			path = UseCases;
			sourceTree = "<group>";
		};
		F21972C6284B8B900086E56B /* Entities */ = {
			isa = PBXGroup;
			children = (
			);
			path = Entities;
			sourceTree = "<group>";
		};
		F21972C7284B8B990086E56B /* Interfaces */ = {
			isa = PBXGroup;
			children = (
				F2125D39284E5358008E1185 /* Repositories */,
				F2125D38284E534F008E1185 /* UseCase */,
			);
			path = Interfaces;
			sourceTree = "<group>";
		};
		F21972C8284B8BAF0086E56B /* Data */ = {
			isa = PBXGroup;
			children = (
				F2125D3E284E5437008E1185 /* Interfaces */,
				F21972D2284B8F210086E56B /* Network */,
				F21972CE284B8C730086E56B /* Repositories */,
			);
			path = Data;
			sourceTree = "<group>";
		};
		F21972C9284B8BC60086E56B /* Resources */ = {
			isa = PBXGroup;
			children = (
				F21972D3284B90490086E56B /* Fonts */,
				F2A412E02849EFD900E04BF5 /* Assets.xcassets */,
				F21972CA284B8BF80086E56B /* Colors.xcassets */,
			);
			path = Resources;
			sourceTree = "<group>";
		};
		F21972CC284B8C1B0086E56B /* Utils */ = {
			isa = PBXGroup;
			children = (
				F2125D12284E0E79008E1185 /* Constant */,
				F21972CD284B8C220086E56B /* Extensions */,
			);
			path = Utils;
			sourceTree = "<group>";
		};
		F21972CD284B8C220086E56B /* Extensions */ = {
			isa = PBXGroup;
			children = (
				F2125D54284E635C008E1185 /*  UINavigationItem.swift */,
			);
			path = Extensions;
			sourceTree = "<group>";
		};
		F21972CE284B8C730086E56B /* Repositories */ = {
			isa = PBXGroup;
			children = (
				F2125D3C284E53AB008E1185 /* LoginRepository.swift */,
			);
			path = Repositories;
			sourceTree = "<group>";
		};
		F21972CF284B8C7E0086E56B /* LoginScene */ = {
			isa = PBXGroup;
			children = (
				F2125D18284E1023008E1185 /* Coordinator */,
				F2125D17284E0F7F008E1185 /* ViewModel */,
				F2125D16284E0F76008E1185 /* ViewController */,
				F2125D15284E0F41008E1185 /* View */,
			);
			path = LoginScene;
			sourceTree = "<group>";
		};
		F21972D0284B8C980086E56B /* HomeScene */ = {
			isa = PBXGroup;
			children = (
			);
			path = HomeScene;
			sourceTree = "<group>";
		};
		F21972D1284B8CCF0086E56B /* SettingScene */ = {
			isa = PBXGroup;
			children = (
				F2125D32284E449A008E1185 /* Coordinator */,
				F2125D31284E4490008E1185 /* ViewModel */,
				F2125D30284E4482008E1185 /* ViewController */,
			);
			path = SettingScene;
			sourceTree = "<group>";
		};
		F21972D2284B8F210086E56B /* Network */ = {
			isa = PBXGroup;
			children = (
			);
			path = Network;
			sourceTree = "<group>";
		};
		F21972D3284B90490086E56B /* Fonts */ = {
			isa = PBXGroup;
			children = (
			);
			path = Fonts;
			sourceTree = "<group>";
		};
		F2A412CB2849EFD700E04BF5 = {
			isa = PBXGroup;
			children = (
				F2A412D62849EFD700E04BF5 /* Waffle */,
				F2A412ED2849EFD900E04BF5 /* WaffleTests */,
				F2A412F72849EFD900E04BF5 /* WaffleUITests */,
				F2A412D52849EFD700E04BF5 /* Products */,
				EDA61873935AB7625B636134 /* Pods */,
				07CFBAE34DEF76E1075B37B1 /* Frameworks */,
			);
			sourceTree = "<group>";
		};
		F2A412D52849EFD700E04BF5 /* Products */ = {
			isa = PBXGroup;
			children = (
				F2A412D42849EFD700E04BF5 /* Waffle.app */,
				F2A412EA2849EFD900E04BF5 /* WaffleTests.xctest */,
				F2A412F42849EFD900E04BF5 /* WaffleUITests.xctest */,
			);
			name = Products;
			sourceTree = "<group>";
		};
		F2A412D62849EFD700E04BF5 /* Waffle */ = {
			isa = PBXGroup;
			children = (
				F21972CC284B8C1B0086E56B /* Utils */,
				F21972C9284B8BC60086E56B /* Resources */,
				F21972C1284B8AE80086E56B /* Application */,
				F21972C8284B8BAF0086E56B /* Data */,
				F21972C4284B8B770086E56B /* Domain */,
				F21972BF284B8AC50086E56B /* Presentation */,
				F2125D40284E550B008E1185 /* Services */,
				F2A412DB2849EFD700E04BF5 /* ViewController.swift */,
				F2A412DD2849EFD700E04BF5 /* Main.storyboard */,
				F2A412E22849EFD900E04BF5 /* LaunchScreen.storyboard */,
				F2A412E52849EFD900E04BF5 /* Info.plist */,
			);
			path = Waffle;
			sourceTree = "<group>";
		};
		F2A412ED2849EFD900E04BF5 /* WaffleTests */ = {
			isa = PBXGroup;
			children = (
				F2A412EE2849EFD900E04BF5 /* WaffleTests.swift */,
			);
			path = WaffleTests;
			sourceTree = "<group>";
		};
		F2A412F72849EFD900E04BF5 /* WaffleUITests */ = {
			isa = PBXGroup;
			children = (
				F2A412F82849EFD900E04BF5 /* WaffleUITests.swift */,
				F2A412FA2849EFD900E04BF5 /* WaffleUITestsLaunchTests.swift */,
			);
			path = WaffleUITests;
			sourceTree = "<group>";
		};
/* End PBXGroup section */

/* Begin PBXNativeTarget section */
		F2A412D32849EFD700E04BF5 /* Waffle */ = {
			isa = PBXNativeTarget;
			buildConfigurationList = F2A412FE2849EFD900E04BF5 /* Build configuration list for PBXNativeTarget "Waffle" */;
			buildPhases = (
				2989E6AC08B122C274689663 /* [CP] Check Pods Manifest.lock */,
				F2A412D02849EFD700E04BF5 /* Sources */,
				F2A412D12849EFD700E04BF5 /* Frameworks */,
				F2A412D22849EFD700E04BF5 /* Resources */,
				02E5A11EB8FB3D7A64F13EFA /* [CP] Embed Pods Frameworks */,
				F2125D08284DF5F3008E1185 /* ShellScript */,
			);
			buildRules = (
			);
			dependencies = (
			);
			name = Waffle;
			productName = Waffle;
			productReference = F2A412D42849EFD700E04BF5 /* Waffle.app */;
			productType = "com.apple.product-type.application";
		};
		F2A412E92849EFD900E04BF5 /* WaffleTests */ = {
			isa = PBXNativeTarget;
			buildConfigurationList = F2A413012849EFD900E04BF5 /* Build configuration list for PBXNativeTarget "WaffleTests" */;
			buildPhases = (
				A0CF89B2CF0EAE69A9B53FC8 /* [CP] Check Pods Manifest.lock */,
				F2A412E62849EFD900E04BF5 /* Sources */,
				F2A412E72849EFD900E04BF5 /* Frameworks */,
				F2A412E82849EFD900E04BF5 /* Resources */,
			);
			buildRules = (
			);
			dependencies = (
				F2A412EC2849EFD900E04BF5 /* PBXTargetDependency */,
			);
			name = WaffleTests;
			productName = WaffleTests;
			productReference = F2A412EA2849EFD900E04BF5 /* WaffleTests.xctest */;
			productType = "com.apple.product-type.bundle.unit-test";
		};
		F2A412F32849EFD900E04BF5 /* WaffleUITests */ = {
			isa = PBXNativeTarget;
			buildConfigurationList = F2A413042849EFD900E04BF5 /* Build configuration list for PBXNativeTarget "WaffleUITests" */;
			buildPhases = (
				D0613AD70E644889FF7E08F0 /* [CP] Check Pods Manifest.lock */,
				F2A412F02849EFD900E04BF5 /* Sources */,
				F2A412F12849EFD900E04BF5 /* Frameworks */,
				F2A412F22849EFD900E04BF5 /* Resources */,
				FC50F52D2FD55B6ADF556775 /* [CP] Embed Pods Frameworks */,
			);
			buildRules = (
			);
			dependencies = (
				F2A412F62849EFD900E04BF5 /* PBXTargetDependency */,
			);
			name = WaffleUITests;
			productName = WaffleUITests;
			productReference = F2A412F42849EFD900E04BF5 /* WaffleUITests.xctest */;
			productType = "com.apple.product-type.bundle.ui-testing";
		};
/* End PBXNativeTarget section */

/* Begin PBXProject section */
		F2A412CC2849EFD700E04BF5 /* Project object */ = {
			isa = PBXProject;
			attributes = {
				BuildIndependentTargetsInParallel = 1;
				LastSwiftUpdateCheck = 1340;
				LastUpgradeCheck = 1340;
				TargetAttributes = {
					F2A412D32849EFD700E04BF5 = {
						CreatedOnToolsVersion = 13.4;
					};
					F2A412E92849EFD900E04BF5 = {
						CreatedOnToolsVersion = 13.4;
						TestTargetID = F2A412D32849EFD700E04BF5;
					};
					F2A412F32849EFD900E04BF5 = {
						CreatedOnToolsVersion = 13.4;
						TestTargetID = F2A412D32849EFD700E04BF5;
					};
				};
			};
			buildConfigurationList = F2A412CF2849EFD700E04BF5 /* Build configuration list for PBXProject "Waffle" */;
			compatibilityVersion = "Xcode 13.0";
			developmentRegion = en;
			hasScannedForEncodings = 0;
			knownRegions = (
				en,
				Base,
			);
			mainGroup = F2A412CB2849EFD700E04BF5;
			productRefGroup = F2A412D52849EFD700E04BF5 /* Products */;
			projectDirPath = "";
			projectRoot = "";
			targets = (
				F2A412D32849EFD700E04BF5 /* Waffle */,
				F2A412E92849EFD900E04BF5 /* WaffleTests */,
				F2A412F32849EFD900E04BF5 /* WaffleUITests */,
			);
		};
/* End PBXProject section */

/* Begin PBXResourcesBuildPhase section */
		F2A412D22849EFD700E04BF5 /* Resources */ = {
			isa = PBXResourcesBuildPhase;
			buildActionMask = 2147483647;
			files = (
				F2A412E42849EFD900E04BF5 /* LaunchScreen.storyboard in Resources */,
				F2A412E12849EFD900E04BF5 /* Assets.xcassets in Resources */,
				F2125D51284E60FD008E1185 /* SignUp.storyboard in Resources */,
				F21972CB284B8BF80086E56B /* Colors.xcassets in Resources */,
				F2125D0A284DFC25008E1185 /* Login.storyboard in Resources */,
				F2A412DF2849EFD700E04BF5 /* Main.storyboard in Resources */,
			);
			runOnlyForDeploymentPostprocessing = 0;
		};
		F2A412E82849EFD900E04BF5 /* Resources */ = {
			isa = PBXResourcesBuildPhase;
			buildActionMask = 2147483647;
			files = (
			);
			runOnlyForDeploymentPostprocessing = 0;
		};
		F2A412F22849EFD900E04BF5 /* Resources */ = {
			isa = PBXResourcesBuildPhase;
			buildActionMask = 2147483647;
			files = (
			);
			runOnlyForDeploymentPostprocessing = 0;
		};
/* End PBXResourcesBuildPhase section */

/* Begin PBXShellScriptBuildPhase section */
		02E5A11EB8FB3D7A64F13EFA /* [CP] Embed Pods Frameworks */ = {
			isa = PBXShellScriptBuildPhase;
			buildActionMask = 2147483647;
			files = (
			);
			inputFileListPaths = (
				"${PODS_ROOT}/Target Support Files/Pods-Waffle/Pods-Waffle-frameworks-${CONFIGURATION}-input-files.xcfilelist",
			);
			name = "[CP] Embed Pods Frameworks";
			outputFileListPaths = (
				"${PODS_ROOT}/Target Support Files/Pods-Waffle/Pods-Waffle-frameworks-${CONFIGURATION}-output-files.xcfilelist",
			);
			runOnlyForDeploymentPostprocessing = 0;
			shellPath = /bin/sh;
			shellScript = "\"${PODS_ROOT}/Target Support Files/Pods-Waffle/Pods-Waffle-frameworks.sh\"\n";
			showEnvVarsInLog = 0;
		};
		2989E6AC08B122C274689663 /* [CP] Check Pods Manifest.lock */ = {
			isa = PBXShellScriptBuildPhase;
			buildActionMask = 2147483647;
			files = (
			);
			inputFileListPaths = (
			);
			inputPaths = (
				"${PODS_PODFILE_DIR_PATH}/Podfile.lock",
				"${PODS_ROOT}/Manifest.lock",
			);
			name = "[CP] Check Pods Manifest.lock";
			outputFileListPaths = (
			);
			outputPaths = (
				"$(DERIVED_FILE_DIR)/Pods-Waffle-checkManifestLockResult.txt",
			);
			runOnlyForDeploymentPostprocessing = 0;
			shellPath = /bin/sh;
			shellScript = "diff \"${PODS_PODFILE_DIR_PATH}/Podfile.lock\" \"${PODS_ROOT}/Manifest.lock\" > /dev/null\nif [ $? != 0 ] ; then\n    # print error to STDERR\n    echo \"error: The sandbox is not in sync with the Podfile.lock. Run 'pod install' or update your CocoaPods installation.\" >&2\n    exit 1\nfi\n# This output is used by Xcode 'outputs' to avoid re-running this script phase.\necho \"SUCCESS\" > \"${SCRIPT_OUTPUT_FILE_0}\"\n";
			showEnvVarsInLog = 0;
		};
		A0CF89B2CF0EAE69A9B53FC8 /* [CP] Check Pods Manifest.lock */ = {
			isa = PBXShellScriptBuildPhase;
			buildActionMask = 2147483647;
			files = (
			);
			inputFileListPaths = (
			);
			inputPaths = (
				"${PODS_PODFILE_DIR_PATH}/Podfile.lock",
				"${PODS_ROOT}/Manifest.lock",
			);
			name = "[CP] Check Pods Manifest.lock";
			outputFileListPaths = (
			);
			outputPaths = (
				"$(DERIVED_FILE_DIR)/Pods-WaffleTests-checkManifestLockResult.txt",
			);
			runOnlyForDeploymentPostprocessing = 0;
			shellPath = /bin/sh;
			shellScript = "diff \"${PODS_PODFILE_DIR_PATH}/Podfile.lock\" \"${PODS_ROOT}/Manifest.lock\" > /dev/null\nif [ $? != 0 ] ; then\n    # print error to STDERR\n    echo \"error: The sandbox is not in sync with the Podfile.lock. Run 'pod install' or update your CocoaPods installation.\" >&2\n    exit 1\nfi\n# This output is used by Xcode 'outputs' to avoid re-running this script phase.\necho \"SUCCESS\" > \"${SCRIPT_OUTPUT_FILE_0}\"\n";
			showEnvVarsInLog = 0;
		};
		D0613AD70E644889FF7E08F0 /* [CP] Check Pods Manifest.lock */ = {
			isa = PBXShellScriptBuildPhase;
			buildActionMask = 2147483647;
			files = (
			);
			inputFileListPaths = (
			);
			inputPaths = (
				"${PODS_PODFILE_DIR_PATH}/Podfile.lock",
				"${PODS_ROOT}/Manifest.lock",
			);
			name = "[CP] Check Pods Manifest.lock";
			outputFileListPaths = (
			);
			outputPaths = (
				"$(DERIVED_FILE_DIR)/Pods-Waffle-WaffleUITests-checkManifestLockResult.txt",
			);
			runOnlyForDeploymentPostprocessing = 0;
			shellPath = /bin/sh;
			shellScript = "diff \"${PODS_PODFILE_DIR_PATH}/Podfile.lock\" \"${PODS_ROOT}/Manifest.lock\" > /dev/null\nif [ $? != 0 ] ; then\n    # print error to STDERR\n    echo \"error: The sandbox is not in sync with the Podfile.lock. Run 'pod install' or update your CocoaPods installation.\" >&2\n    exit 1\nfi\n# This output is used by Xcode 'outputs' to avoid re-running this script phase.\necho \"SUCCESS\" > \"${SCRIPT_OUTPUT_FILE_0}\"\n";
			showEnvVarsInLog = 0;
		};
		F2125D08284DF5F3008E1185 /* ShellScript */ = {
			isa = PBXShellScriptBuildPhase;
			buildActionMask = 2147483647;
			files = (
			);
			inputFileListPaths = (
			);
			inputPaths = (
			);
			outputFileListPaths = (
			);
			outputPaths = (
			);
			runOnlyForDeploymentPostprocessing = 0;
			shellPath = /bin/sh;
			shellScript = "# Type a script or drag a script file from your workspace to insert its path.\n";
		};
		FC50F52D2FD55B6ADF556775 /* [CP] Embed Pods Frameworks */ = {
			isa = PBXShellScriptBuildPhase;
			buildActionMask = 2147483647;
			files = (
			);
			inputFileListPaths = (
				"${PODS_ROOT}/Target Support Files/Pods-Waffle-WaffleUITests/Pods-Waffle-WaffleUITests-frameworks-${CONFIGURATION}-input-files.xcfilelist",
			);
			name = "[CP] Embed Pods Frameworks";
			outputFileListPaths = (
				"${PODS_ROOT}/Target Support Files/Pods-Waffle-WaffleUITests/Pods-Waffle-WaffleUITests-frameworks-${CONFIGURATION}-output-files.xcfilelist",
			);
			runOnlyForDeploymentPostprocessing = 0;
			shellPath = /bin/sh;
			shellScript = "\"${PODS_ROOT}/Target Support Files/Pods-Waffle-WaffleUITests/Pods-Waffle-WaffleUITests-frameworks.sh\"\n";
			showEnvVarsInLog = 0;
		};
/* End PBXShellScriptBuildPhase section */

/* Begin PBXSourcesBuildPhase section */
		F2A412D02849EFD700E04BF5 /* Sources */ = {
			isa = PBXSourcesBuildPhase;
			buildActionMask = 2147483647;
			files = (
				F2125D21284E1379008E1185 /* AppCoordinator.swift in Sources */,
				F2125D37284E52A8008E1185 /* LoginUseCaseProtocol.swift in Sources */,
				F2125D2B284E19AD008E1185 /* TapBarPage.swift in Sources */,
				F2125D2D284E1D62008E1185 /* TabBarCoordinator.swift in Sources */,
				F2125D4E284E60E5008E1185 /* SignUpViewController.swift in Sources */,
				F2125D44284E5686008E1185 /* URLSessionNetworkServiceProtocol.swift in Sources */,
				F21972C3284B8B3F0086E56B /* AppCoordinatorProtocol.swift in Sources */,
				F2125D2F284E2752008E1185 /* Config.swift in Sources */,
				F2125D23284E15CA008E1185 /* CoordinatorType.swift in Sources */,
				F2A412DC2849EFD700E04BF5 /* ViewController.swift in Sources */,
				F2125D1E284E10B8008E1185 /* LoginCoordinator.swift in Sources */,
				F2125D0E284DFDD5008E1185 /* LoginViewModel.swift in Sources */,
				F2125D46284E56E8008E1185 /* URLSessionNetworkService.swift in Sources */,
				F2125D29284E1922008E1185 /* TabBarCoordinatorProtocol.swift in Sources */,
				F2125D53284E613B008E1185 /* SignUpViewModel.swift in Sources */,
				F2A412D82849EFD700E04BF5 /* AppDelegate.swift in Sources */,
				F2125D26284E16FE008E1185 /* CoordinatorFinishDelegate.swift in Sources */,
				F2125D14284E0E88008E1185 /* UserDefaultKey.swift in Sources */,
				F2125D0C284DFC67008E1185 /* LoginViewController.swift in Sources */,
				F2125D3B284E5373008E1185 /* LoginRepositoryProtocol.swift in Sources */,
				F2125D55284E635C008E1185 /*  UINavigationItem.swift in Sources */,
				F2125D1C284E1046008E1185 /* LoginCoordinatorProtocol.swift in Sources */,
				F2125D3D284E53AB008E1185 /* LoginRepository.swift in Sources */,
				F2125D42284E5560008E1185 /* NetworkRequestBuilder.swift in Sources */,
				F2A412DA2849EFD700E04BF5 /* SceneDelegate.swift in Sources */,
				F2125D11284E0C3D008E1185 /* Coordinator.swift in Sources */,
				F2125D35284E5270008E1185 /* LoginUseCase.swift in Sources */,
			);
			runOnlyForDeploymentPostprocessing = 0;
		};
		F2A412E62849EFD900E04BF5 /* Sources */ = {
			isa = PBXSourcesBuildPhase;
			buildActionMask = 2147483647;
			files = (
				F2A412EF2849EFD900E04BF5 /* WaffleTests.swift in Sources */,
			);
			runOnlyForDeploymentPostprocessing = 0;
		};
		F2A412F02849EFD900E04BF5 /* Sources */ = {
			isa = PBXSourcesBuildPhase;
			buildActionMask = 2147483647;
			files = (
				F2A412F92849EFD900E04BF5 /* WaffleUITests.swift in Sources */,
				F2A412FB2849EFD900E04BF5 /* WaffleUITestsLaunchTests.swift in Sources */,
			);
			runOnlyForDeploymentPostprocessing = 0;
		};
/* End PBXSourcesBuildPhase section */

/* Begin PBXTargetDependency section */
		F2A412EC2849EFD900E04BF5 /* PBXTargetDependency */ = {
			isa = PBXTargetDependency;
			target = F2A412D32849EFD700E04BF5 /* Waffle */;
			targetProxy = F2A412EB2849EFD900E04BF5 /* PBXContainerItemProxy */;
		};
		F2A412F62849EFD900E04BF5 /* PBXTargetDependency */ = {
			isa = PBXTargetDependency;
			target = F2A412D32849EFD700E04BF5 /* Waffle */;
			targetProxy = F2A412F52849EFD900E04BF5 /* PBXContainerItemProxy */;
		};
/* End PBXTargetDependency section */

/* Begin PBXVariantGroup section */
		F2A412DD2849EFD700E04BF5 /* Main.storyboard */ = {
			isa = PBXVariantGroup;
			children = (
				F2A412DE2849EFD700E04BF5 /* Base */,
			);
			name = Main.storyboard;
			sourceTree = "<group>";
		};
		F2A412E22849EFD900E04BF5 /* LaunchScreen.storyboard */ = {
			isa = PBXVariantGroup;
			children = (
				F2A412E32849EFD900E04BF5 /* Base */,
			);
			name = LaunchScreen.storyboard;
			sourceTree = "<group>";
		};
/* End PBXVariantGroup section */

/* Begin XCBuildConfiguration section */
		F2A412FC2849EFD900E04BF5 /* Debug */ = {
			isa = XCBuildConfiguration;
			buildSettings = {
				ALWAYS_SEARCH_USER_PATHS = NO;
				CLANG_ANALYZER_NONNULL = YES;
				CLANG_ANALYZER_NUMBER_OBJECT_CONVERSION = YES_AGGRESSIVE;
				CLANG_CXX_LANGUAGE_STANDARD = "gnu++17";
				CLANG_ENABLE_MODULES = YES;
				CLANG_ENABLE_OBJC_ARC = YES;
				CLANG_ENABLE_OBJC_WEAK = YES;
				CLANG_WARN_BLOCK_CAPTURE_AUTORELEASING = YES;
				CLANG_WARN_BOOL_CONVERSION = YES;
				CLANG_WARN_COMMA = YES;
				CLANG_WARN_CONSTANT_CONVERSION = YES;
				CLANG_WARN_DEPRECATED_OBJC_IMPLEMENTATIONS = YES;
				CLANG_WARN_DIRECT_OBJC_ISA_USAGE = YES_ERROR;
				CLANG_WARN_DOCUMENTATION_COMMENTS = YES;
				CLANG_WARN_EMPTY_BODY = YES;
				CLANG_WARN_ENUM_CONVERSION = YES;
				CLANG_WARN_INFINITE_RECURSION = YES;
				CLANG_WARN_INT_CONVERSION = YES;
				CLANG_WARN_NON_LITERAL_NULL_CONVERSION = YES;
				CLANG_WARN_OBJC_IMPLICIT_RETAIN_SELF = YES;
				CLANG_WARN_OBJC_LITERAL_CONVERSION = YES;
				CLANG_WARN_OBJC_ROOT_CLASS = YES_ERROR;
				CLANG_WARN_QUOTED_INCLUDE_IN_FRAMEWORK_HEADER = YES;
				CLANG_WARN_RANGE_LOOP_ANALYSIS = YES;
				CLANG_WARN_STRICT_PROTOTYPES = YES;
				CLANG_WARN_SUSPICIOUS_MOVE = YES;
				CLANG_WARN_UNGUARDED_AVAILABILITY = YES_AGGRESSIVE;
				CLANG_WARN_UNREACHABLE_CODE = YES;
				CLANG_WARN__DUPLICATE_METHOD_MATCH = YES;
				COPY_PHASE_STRIP = NO;
				DEBUG_INFORMATION_FORMAT = dwarf;
				ENABLE_STRICT_OBJC_MSGSEND = YES;
				ENABLE_TESTABILITY = YES;
				GCC_C_LANGUAGE_STANDARD = gnu11;
				GCC_DYNAMIC_NO_PIC = NO;
				GCC_NO_COMMON_BLOCKS = YES;
				GCC_OPTIMIZATION_LEVEL = 0;
				GCC_PREPROCESSOR_DEFINITIONS = (
					"DEBUG=1",
					"$(inherited)",
				);
				GCC_WARN_64_TO_32_BIT_CONVERSION = YES;
				GCC_WARN_ABOUT_RETURN_TYPE = YES_ERROR;
				GCC_WARN_UNDECLARED_SELECTOR = YES;
				GCC_WARN_UNINITIALIZED_AUTOS = YES_AGGRESSIVE;
				GCC_WARN_UNUSED_FUNCTION = YES;
				GCC_WARN_UNUSED_VARIABLE = YES;
				IPHONEOS_DEPLOYMENT_TARGET = 15.5;
				MTL_ENABLE_DEBUG_INFO = INCLUDE_SOURCE;
				MTL_FAST_MATH = YES;
				ONLY_ACTIVE_ARCH = YES;
				SDKROOT = iphoneos;
				SWIFT_ACTIVE_COMPILATION_CONDITIONS = DEBUG;
				SWIFT_OPTIMIZATION_LEVEL = "-Onone";
			};
			name = Debug;
		};
		F2A412FD2849EFD900E04BF5 /* Release */ = {
			isa = XCBuildConfiguration;
			buildSettings = {
				ALWAYS_SEARCH_USER_PATHS = NO;
				CLANG_ANALYZER_NONNULL = YES;
				CLANG_ANALYZER_NUMBER_OBJECT_CONVERSION = YES_AGGRESSIVE;
				CLANG_CXX_LANGUAGE_STANDARD = "gnu++17";
				CLANG_ENABLE_MODULES = YES;
				CLANG_ENABLE_OBJC_ARC = YES;
				CLANG_ENABLE_OBJC_WEAK = YES;
				CLANG_WARN_BLOCK_CAPTURE_AUTORELEASING = YES;
				CLANG_WARN_BOOL_CONVERSION = YES;
				CLANG_WARN_COMMA = YES;
				CLANG_WARN_CONSTANT_CONVERSION = YES;
				CLANG_WARN_DEPRECATED_OBJC_IMPLEMENTATIONS = YES;
				CLANG_WARN_DIRECT_OBJC_ISA_USAGE = YES_ERROR;
				CLANG_WARN_DOCUMENTATION_COMMENTS = YES;
				CLANG_WARN_EMPTY_BODY = YES;
				CLANG_WARN_ENUM_CONVERSION = YES;
				CLANG_WARN_INFINITE_RECURSION = YES;
				CLANG_WARN_INT_CONVERSION = YES;
				CLANG_WARN_NON_LITERAL_NULL_CONVERSION = YES;
				CLANG_WARN_OBJC_IMPLICIT_RETAIN_SELF = YES;
				CLANG_WARN_OBJC_LITERAL_CONVERSION = YES;
				CLANG_WARN_OBJC_ROOT_CLASS = YES_ERROR;
				CLANG_WARN_QUOTED_INCLUDE_IN_FRAMEWORK_HEADER = YES;
				CLANG_WARN_RANGE_LOOP_ANALYSIS = YES;
				CLANG_WARN_STRICT_PROTOTYPES = YES;
				CLANG_WARN_SUSPICIOUS_MOVE = YES;
				CLANG_WARN_UNGUARDED_AVAILABILITY = YES_AGGRESSIVE;
				CLANG_WARN_UNREACHABLE_CODE = YES;
				CLANG_WARN__DUPLICATE_METHOD_MATCH = YES;
				COPY_PHASE_STRIP = NO;
				DEBUG_INFORMATION_FORMAT = "dwarf-with-dsym";
				ENABLE_NS_ASSERTIONS = NO;
				ENABLE_STRICT_OBJC_MSGSEND = YES;
				GCC_C_LANGUAGE_STANDARD = gnu11;
				GCC_NO_COMMON_BLOCKS = YES;
				GCC_WARN_64_TO_32_BIT_CONVERSION = YES;
				GCC_WARN_ABOUT_RETURN_TYPE = YES_ERROR;
				GCC_WARN_UNDECLARED_SELECTOR = YES;
				GCC_WARN_UNINITIALIZED_AUTOS = YES_AGGRESSIVE;
				GCC_WARN_UNUSED_FUNCTION = YES;
				GCC_WARN_UNUSED_VARIABLE = YES;
				IPHONEOS_DEPLOYMENT_TARGET = 15.5;
				MTL_ENABLE_DEBUG_INFO = NO;
				MTL_FAST_MATH = YES;
				SDKROOT = iphoneos;
				SWIFT_COMPILATION_MODE = wholemodule;
				SWIFT_OPTIMIZATION_LEVEL = "-O";
				VALIDATE_PRODUCT = YES;
			};
			name = Release;
		};
		F2A412FF2849EFD900E04BF5 /* Debug */ = {
			isa = XCBuildConfiguration;
			baseConfigurationReference = FAC761AD9514C9B3C2A0D338 /* Pods-Waffle.debug.xcconfig */;
			buildSettings = {
				ASSETCATALOG_COMPILER_APPICON_NAME = AppIcon;
				ASSETCATALOG_COMPILER_GLOBAL_ACCENT_COLOR_NAME = AccentColor;
				CODE_SIGN_STYLE = Automatic;
				CURRENT_PROJECT_VERSION = 1;
				DEVELOPMENT_TEAM = FJ57DUH592;
				GENERATE_INFOPLIST_FILE = YES;
				INFOPLIST_FILE = Waffle/Info.plist;
				INFOPLIST_KEY_UIApplicationSupportsIndirectInputEvents = YES;
				INFOPLIST_KEY_UILaunchStoryboardName = LaunchScreen;
				INFOPLIST_KEY_UIMainStoryboardFile = Main;
				INFOPLIST_KEY_UISupportedInterfaceOrientations_iPad = "UIInterfaceOrientationPortrait UIInterfaceOrientationPortraitUpsideDown UIInterfaceOrientationLandscapeLeft UIInterfaceOrientationLandscapeRight";
				INFOPLIST_KEY_UISupportedInterfaceOrientations_iPhone = "UIInterfaceOrientationPortrait UIInterfaceOrientationLandscapeLeft UIInterfaceOrientationLandscapeRight";
				LD_RUNPATH_SEARCH_PATHS = (
					"$(inherited)",
					"@executable_path/Frameworks",
				);
				MARKETING_VERSION = 1.0;
				PRODUCT_BUNDLE_IDENTIFIER = Develop.Waffle.com;
				PRODUCT_NAME = "$(TARGET_NAME)";
				SWIFT_EMIT_LOC_STRINGS = YES;
				SWIFT_VERSION = 5.0;
				TARGETED_DEVICE_FAMILY = "1,2";
			};
			name = Debug;
		};
		F2A413002849EFD900E04BF5 /* Release */ = {
			isa = XCBuildConfiguration;
			baseConfigurationReference = 65008EAE910B592BFD3F1DD7 /* Pods-Waffle.release.xcconfig */;
			buildSettings = {
				ASSETCATALOG_COMPILER_APPICON_NAME = AppIcon;
				ASSETCATALOG_COMPILER_GLOBAL_ACCENT_COLOR_NAME = AccentColor;
				CODE_SIGN_STYLE = Automatic;
				CURRENT_PROJECT_VERSION = 1;
				DEVELOPMENT_TEAM = FJ57DUH592;
				GENERATE_INFOPLIST_FILE = YES;
				INFOPLIST_FILE = Waffle/Info.plist;
				INFOPLIST_KEY_UIApplicationSupportsIndirectInputEvents = YES;
				INFOPLIST_KEY_UILaunchStoryboardName = LaunchScreen;
				INFOPLIST_KEY_UIMainStoryboardFile = Main;
				INFOPLIST_KEY_UISupportedInterfaceOrientations_iPad = "UIInterfaceOrientationPortrait UIInterfaceOrientationPortraitUpsideDown UIInterfaceOrientationLandscapeLeft UIInterfaceOrientationLandscapeRight";
				INFOPLIST_KEY_UISupportedInterfaceOrientations_iPhone = "UIInterfaceOrientationPortrait UIInterfaceOrientationLandscapeLeft UIInterfaceOrientationLandscapeRight";
				LD_RUNPATH_SEARCH_PATHS = (
					"$(inherited)",
					"@executable_path/Frameworks",
				);
				MARKETING_VERSION = 1.0;
				PRODUCT_BUNDLE_IDENTIFIER = Develop.Waffle.com;
				PRODUCT_NAME = "$(TARGET_NAME)";
				SWIFT_EMIT_LOC_STRINGS = YES;
				SWIFT_VERSION = 5.0;
				TARGETED_DEVICE_FAMILY = "1,2";
			};
			name = Release;
		};
		F2A413022849EFD900E04BF5 /* Debug */ = {
			isa = XCBuildConfiguration;
			baseConfigurationReference = 56584A54E1159B7F75006EB4 /* Pods-WaffleTests.debug.xcconfig */;
			buildSettings = {
				ALWAYS_EMBED_SWIFT_STANDARD_LIBRARIES = YES;
				BUNDLE_LOADER = "$(TEST_HOST)";
				CODE_SIGN_STYLE = Automatic;
				CURRENT_PROJECT_VERSION = 1;
				DEVELOPMENT_TEAM = FJ57DUH592;
				GENERATE_INFOPLIST_FILE = YES;
				IPHONEOS_DEPLOYMENT_TARGET = 15.5;
				MARKETING_VERSION = 1.0;
				PRODUCT_BUNDLE_IDENTIFIER = Develop.WaffleTests;
				PRODUCT_NAME = "$(TARGET_NAME)";
				SWIFT_EMIT_LOC_STRINGS = NO;
				SWIFT_VERSION = 5.0;
				TARGETED_DEVICE_FAMILY = "1,2";
				TEST_HOST = "$(BUILT_PRODUCTS_DIR)/Waffle.app/Waffle";
			};
			name = Debug;
		};
		F2A413032849EFD900E04BF5 /* Release */ = {
			isa = XCBuildConfiguration;
			baseConfigurationReference = EDAC56E515A0DCE28384B965 /* Pods-WaffleTests.release.xcconfig */;
			buildSettings = {
				ALWAYS_EMBED_SWIFT_STANDARD_LIBRARIES = YES;
				BUNDLE_LOADER = "$(TEST_HOST)";
				CODE_SIGN_STYLE = Automatic;
				CURRENT_PROJECT_VERSION = 1;
				DEVELOPMENT_TEAM = FJ57DUH592;
				GENERATE_INFOPLIST_FILE = YES;
				IPHONEOS_DEPLOYMENT_TARGET = 15.5;
				MARKETING_VERSION = 1.0;
				PRODUCT_BUNDLE_IDENTIFIER = Develop.WaffleTests;
				PRODUCT_NAME = "$(TARGET_NAME)";
				SWIFT_EMIT_LOC_STRINGS = NO;
				SWIFT_VERSION = 5.0;
				TARGETED_DEVICE_FAMILY = "1,2";
				TEST_HOST = "$(BUILT_PRODUCTS_DIR)/Waffle.app/Waffle";
			};
			name = Release;
		};
		F2A413052849EFD900E04BF5 /* Debug */ = {
			isa = XCBuildConfiguration;
			baseConfigurationReference = 3137181A0A244FBFB41258C3 /* Pods-Waffle-WaffleUITests.debug.xcconfig */;
			buildSettings = {
				ALWAYS_EMBED_SWIFT_STANDARD_LIBRARIES = YES;
				CODE_SIGN_STYLE = Automatic;
				CURRENT_PROJECT_VERSION = 1;
				DEVELOPMENT_TEAM = FJ57DUH592;
				GENERATE_INFOPLIST_FILE = YES;
				MARKETING_VERSION = 1.0;
				PRODUCT_BUNDLE_IDENTIFIER = Develop.WaffleUITests;
				PRODUCT_NAME = "$(TARGET_NAME)";
				SWIFT_EMIT_LOC_STRINGS = NO;
				SWIFT_VERSION = 5.0;
				TARGETED_DEVICE_FAMILY = "1,2";
				TEST_TARGET_NAME = Waffle;
			};
			name = Debug;
		};
		F2A413062849EFD900E04BF5 /* Release */ = {
			isa = XCBuildConfiguration;
			baseConfigurationReference = 44462EB903AB7B8128E5EEF4 /* Pods-Waffle-WaffleUITests.release.xcconfig */;
			buildSettings = {
				ALWAYS_EMBED_SWIFT_STANDARD_LIBRARIES = YES;
				CODE_SIGN_STYLE = Automatic;
				CURRENT_PROJECT_VERSION = 1;
				DEVELOPMENT_TEAM = FJ57DUH592;
				GENERATE_INFOPLIST_FILE = YES;
				MARKETING_VERSION = 1.0;
				PRODUCT_BUNDLE_IDENTIFIER = Develop.WaffleUITests;
				PRODUCT_NAME = "$(TARGET_NAME)";
				SWIFT_EMIT_LOC_STRINGS = NO;
				SWIFT_VERSION = 5.0;
				TARGETED_DEVICE_FAMILY = "1,2";
				TEST_TARGET_NAME = Waffle;
			};
			name = Release;
		};
/* End XCBuildConfiguration section */

/* Begin XCConfigurationList section */
		F2A412CF2849EFD700E04BF5 /* Build configuration list for PBXProject "Waffle" */ = {
			isa = XCConfigurationList;
			buildConfigurations = (
				F2A412FC2849EFD900E04BF5 /* Debug */,
				F2A412FD2849EFD900E04BF5 /* Release */,
			);
			defaultConfigurationIsVisible = 0;
			defaultConfigurationName = Release;
		};
		F2A412FE2849EFD900E04BF5 /* Build configuration list for PBXNativeTarget "Waffle" */ = {
			isa = XCConfigurationList;
			buildConfigurations = (
				F2A412FF2849EFD900E04BF5 /* Debug */,
				F2A413002849EFD900E04BF5 /* Release */,
			);
			defaultConfigurationIsVisible = 0;
			defaultConfigurationName = Release;
		};
		F2A413012849EFD900E04BF5 /* Build configuration list for PBXNativeTarget "WaffleTests" */ = {
			isa = XCConfigurationList;
			buildConfigurations = (
				F2A413022849EFD900E04BF5 /* Debug */,
				F2A413032849EFD900E04BF5 /* Release */,
			);
			defaultConfigurationIsVisible = 0;
			defaultConfigurationName = Release;
		};
		F2A413042849EFD900E04BF5 /* Build configuration list for PBXNativeTarget "WaffleUITests" */ = {
			isa = XCConfigurationList;
			buildConfigurations = (
				F2A413052849EFD900E04BF5 /* Debug */,
				F2A413062849EFD900E04BF5 /* Release */,
			);
			defaultConfigurationIsVisible = 0;
			defaultConfigurationName = Release;
		};
/* End XCConfigurationList section */
	};
	rootObject = F2A412CC2849EFD700E04BF5 /* Project object */;
}
