// !$*UTF8*$!
{
	archiveVersion = 1;
	classes = {
	};
	objectVersion = 55;
	objects = {

/* Begin PBXBuildFile section */
		57A89CA88024C2A03C5AC44A /* Pods_Waffle_WaffleUITests.framework in Frameworks */ = {isa = PBXBuildFile; fileRef = F71E0353C016D52FC2CAE901 /* Pods_Waffle_WaffleUITests.framework */; };
		63054AD9F45707A8D8DE29DD /* Pods_WaffleTests.framework in Frameworks */ = {isa = PBXBuildFile; fileRef = BE142431BB853F5F4E00B33E /* Pods_WaffleTests.framework */; };
		7FA1D801216F3A22E519B5ED /* Pods_Waffle.framework in Frameworks */ = {isa = PBXBuildFile; fileRef = 78DF3A9DF91B1DC517C009B1 /* Pods_Waffle.framework */; };
		F205519D285458F80051E94D /* UIButton.swift in Sources */ = {isa = PBXBuildFile; fileRef = F205519C285458F80051E94D /* UIButton.swift */; };
		F205519F28546AD30051E94D /* FindPWViewModel.swift in Sources */ = {isa = PBXBuildFile; fileRef = F205519E28546AD30051E94D /* FindPWViewModel.swift */; };
		F20551A128549D320051E94D /* UIFont.swift in Sources */ = {isa = PBXBuildFile; fileRef = F20551A028549D310051E94D /* UIFont.swift */; };
		F20551A32854A74E0051E94D /* TermsViewController.swift in Sources */ = {isa = PBXBuildFile; fileRef = F20551A22854A74E0051E94D /* TermsViewController.swift */; };
		F20551A52854A75A0051E94D /* SetProfileImageViewController.swift in Sources */ = {isa = PBXBuildFile; fileRef = F20551A42854A75A0051E94D /* SetProfileImageViewController.swift */; };
		F2125D0A284DFC25008E1185 /* Login.storyboard in Resources */ = {isa = PBXBuildFile; fileRef = F2125D09284DFC25008E1185 /* Login.storyboard */; };
		F2125D0C284DFC67008E1185 /* LoginViewController.swift in Sources */ = {isa = PBXBuildFile; fileRef = F2125D0B284DFC67008E1185 /* LoginViewController.swift */; };
		F2125D0E284DFDD5008E1185 /* LoginViewModel.swift in Sources */ = {isa = PBXBuildFile; fileRef = F2125D0D284DFDD5008E1185 /* LoginViewModel.swift */; };
		F2125D11284E0C3D008E1185 /* Coordinator.swift in Sources */ = {isa = PBXBuildFile; fileRef = F2125D10284E0C3D008E1185 /* Coordinator.swift */; };
		F2125D14284E0E88008E1185 /* UserDefaultKey.swift in Sources */ = {isa = PBXBuildFile; fileRef = F2125D13284E0E88008E1185 /* UserDefaultKey.swift */; };
		F2125D1C284E1046008E1185 /* LoginCoordinatorProtocol.swift in Sources */ = {isa = PBXBuildFile; fileRef = F2125D1B284E1046008E1185 /* LoginCoordinatorProtocol.swift */; };
		F2125D1E284E10B8008E1185 /* LoginCoordinator.swift in Sources */ = {isa = PBXBuildFile; fileRef = F2125D1D284E10B8008E1185 /* LoginCoordinator.swift */; };
		F2125D21284E1379008E1185 /* AppCoordinator.swift in Sources */ = {isa = PBXBuildFile; fileRef = F2125D20284E1379008E1185 /* AppCoordinator.swift */; };
		F2125D23284E15CA008E1185 /* CoordinatorType.swift in Sources */ = {isa = PBXBuildFile; fileRef = F2125D22284E15CA008E1185 /* CoordinatorType.swift */; };
		F2125D26284E16FE008E1185 /* CoordinatorFinishDelegate.swift in Sources */ = {isa = PBXBuildFile; fileRef = F2125D25284E16FE008E1185 /* CoordinatorFinishDelegate.swift */; };
		F2125D29284E1922008E1185 /* TabBarCoordinatorProtocol.swift in Sources */ = {isa = PBXBuildFile; fileRef = F2125D28284E1922008E1185 /* TabBarCoordinatorProtocol.swift */; };
		F2125D2B284E19AD008E1185 /* TapBarPage.swift in Sources */ = {isa = PBXBuildFile; fileRef = F2125D2A284E19AD008E1185 /* TapBarPage.swift */; };
		F2125D2D284E1D62008E1185 /* TabBarCoordinator.swift in Sources */ = {isa = PBXBuildFile; fileRef = F2125D2C284E1D62008E1185 /* TabBarCoordinator.swift */; };
		F2125D2F284E2752008E1185 /* Config.swift in Sources */ = {isa = PBXBuildFile; fileRef = F2125D2E284E2752008E1185 /* Config.swift */; };
		F2125D35284E5270008E1185 /* LoginSignUseCase.swift in Sources */ = {isa = PBXBuildFile; fileRef = F2125D34284E5270008E1185 /* LoginSignUseCase.swift */; };
		F2125D37284E52A8008E1185 /* LoginSignUseCaseProtocol.swift in Sources */ = {isa = PBXBuildFile; fileRef = F2125D36284E52A8008E1185 /* LoginSignUseCaseProtocol.swift */; };
		F2125D3B284E5373008E1185 /* LoginSignRepositoryProtocol.swift in Sources */ = {isa = PBXBuildFile; fileRef = F2125D3A284E5373008E1185 /* LoginSignRepositoryProtocol.swift */; };
		F2125D3D284E53AB008E1185 /* LoginSignRepository.swift in Sources */ = {isa = PBXBuildFile; fileRef = F2125D3C284E53AB008E1185 /* LoginSignRepository.swift */; };
		F2125D42284E5560008E1185 /* NetworkRequestBuilder.swift in Sources */ = {isa = PBXBuildFile; fileRef = F2125D41284E5560008E1185 /* NetworkRequestBuilder.swift */; };
		F2125D44284E5686008E1185 /* URLSessionNetworkServiceProtocol.swift in Sources */ = {isa = PBXBuildFile; fileRef = F2125D43284E5686008E1185 /* URLSessionNetworkServiceProtocol.swift */; };
		F2125D46284E56E8008E1185 /* URLSessionNetworkService.swift in Sources */ = {isa = PBXBuildFile; fileRef = F2125D45284E56E8008E1185 /* URLSessionNetworkService.swift */; };
		F2125D4E284E60E5008E1185 /* SignUpViewController.swift in Sources */ = {isa = PBXBuildFile; fileRef = F2125D4D284E60E5008E1185 /* SignUpViewController.swift */; };
		F2125D51284E60FD008E1185 /* SignUp.storyboard in Resources */ = {isa = PBXBuildFile; fileRef = F2125D50284E60FD008E1185 /* SignUp.storyboard */; };
		F2125D53284E613B008E1185 /* SignUpViewModel.swift in Sources */ = {isa = PBXBuildFile; fileRef = F2125D52284E613B008E1185 /* SignUpViewModel.swift */; };
		F2125D55284E635C008E1185 /*  UINavigationItem.swift in Sources */ = {isa = PBXBuildFile; fileRef = F2125D54284E635C008E1185 /*  UINavigationItem.swift */; };
		F2125D57284F40E2008E1185 /* SettingViewController.swift in Sources */ = {isa = PBXBuildFile; fileRef = F2125D56284F40E2008E1185 /* SettingViewController.swift */; };
		F2125D59284F43D2008E1185 /* SettingTableViewCell.swift in Sources */ = {isa = PBXBuildFile; fileRef = F2125D58284F43D2008E1185 /* SettingTableViewCell.swift */; };
		F2125D5D284F45A4008E1185 /* Assets.swift in Sources */ = {isa = PBXBuildFile; fileRef = F2125D5C284F45A4008E1185 /* Assets.swift */; };
		F2125D5F2850EF45008E1185 /* FindPWViewController.swift in Sources */ = {isa = PBXBuildFile; fileRef = F2125D5E2850EF45008E1185 /* FindPWViewController.swift */; };
		F2125D612850FFD3008E1185 /* UIViewController.swift in Sources */ = {isa = PBXBuildFile; fileRef = F2125D602850FFD3008E1185 /* UIViewController.swift */; };
		F21972C3284B8B3F0086E56B /* AppCoordinatorProtocol.swift in Sources */ = {isa = PBXBuildFile; fileRef = F21972C2284B8B3F0086E56B /* AppCoordinatorProtocol.swift */; };
		F21972CB284B8BF80086E56B /* Colors.xcassets in Resources */ = {isa = PBXBuildFile; fileRef = F21972CA284B8BF80086E56B /* Colors.xcassets */; };
		F232433C2855095600742362 /* SetProfileImageViewModel.swift in Sources */ = {isa = PBXBuildFile; fileRef = F232433B2855095600742362 /* SetProfileImageViewModel.swift */; };
		F232433E2855B64E00742362 /* UIImageView.swift in Sources */ = {isa = PBXBuildFile; fileRef = F232433D2855B64E00742362 /* UIImageView.swift */; };
		F23243402855B73300742362 /* ProfileImageCollectionViewCell.swift in Sources */ = {isa = PBXBuildFile; fileRef = F232433F2855B73300742362 /* ProfileImageCollectionViewCell.swift */; };
		F2764BE428524A000022D41E /* SignUpCoordinator.swift in Sources */ = {isa = PBXBuildFile; fileRef = F2764BE328524A000022D41E /* SignUpCoordinator.swift */; };
		F2764BE628524A0E0022D41E /* SignUpCoordinatorProtocol.swift in Sources */ = {isa = PBXBuildFile; fileRef = F2764BE528524A0E0022D41E /* SignUpCoordinatorProtocol.swift */; };
		F29ED2E82855D75B002371FD /* HomeCoordinator.swift in Sources */ = {isa = PBXBuildFile; fileRef = F29ED2E72855D75B002371FD /* HomeCoordinator.swift */; };
		F29ED2EB2855D76B002371FD /* MapCoordinator.swift in Sources */ = {isa = PBXBuildFile; fileRef = F29ED2EA2855D76B002371FD /* MapCoordinator.swift */; };
		F29ED2EF2855D79F002371FD /* MapCoordinatorProtocol.swift in Sources */ = {isa = PBXBuildFile; fileRef = F29ED2EE2855D79F002371FD /* MapCoordinatorProtocol.swift */; };
		F29ED2F12855D7F3002371FD /* SettingCoordinator.swift in Sources */ = {isa = PBXBuildFile; fileRef = F29ED2F02855D7F3002371FD /* SettingCoordinator.swift */; };
		F29ED2F42855D800002371FD /* SettingCoordinatorProtocol.swift in Sources */ = {isa = PBXBuildFile; fileRef = F29ED2F32855D800002371FD /* SettingCoordinatorProtocol.swift */; };
		F29ED2F62855D863002371FD /* HomeCoordinatorProtocol.swift in Sources */ = {isa = PBXBuildFile; fileRef = F29ED2F52855D863002371FD /* HomeCoordinatorProtocol.swift */; };
		F29ED2FA2855D945002371FD /* ArchiveCoordinator.swift in Sources */ = {isa = PBXBuildFile; fileRef = F29ED2F92855D945002371FD /* ArchiveCoordinator.swift */; };
		F29ED2FD2855D954002371FD /* ArchiveCoordinatorProtocol.swift in Sources */ = {isa = PBXBuildFile; fileRef = F29ED2FC2855D954002371FD /* ArchiveCoordinatorProtocol.swift */; };
		F29ED3002855DB5B002371FD /* HomeViewController.swift in Sources */ = {isa = PBXBuildFile; fileRef = F29ED2FF2855DB5B002371FD /* HomeViewController.swift */; };
		F29ED3032855DB71002371FD /* MapViewController.swift in Sources */ = {isa = PBXBuildFile; fileRef = F29ED3022855DB71002371FD /* MapViewController.swift */; };
		F29ED3062855DB7F002371FD /* MapViewModel.swift in Sources */ = {isa = PBXBuildFile; fileRef = F29ED3052855DB7F002371FD /* MapViewModel.swift */; };
		F29ED3082855DB8C002371FD /* SettingViewModel.swift in Sources */ = {isa = PBXBuildFile; fileRef = F29ED3072855DB8C002371FD /* SettingViewModel.swift */; };
		F29ED30A2855DB99002371FD /* HomeViewModel.swift in Sources */ = {isa = PBXBuildFile; fileRef = F29ED3092855DB99002371FD /* HomeViewModel.swift */; };
		F29ED30E2855DBB2002371FD /* Home.storyboard in Resources */ = {isa = PBXBuildFile; fileRef = F29ED30D2855DBB2002371FD /* Home.storyboard */; };
		F29ED3112855DBC3002371FD /* Setting.storyboard in Resources */ = {isa = PBXBuildFile; fileRef = F29ED3102855DBC3002371FD /* Setting.storyboard */; };
		F29ED3142855DBCE002371FD /* Map.storyboard in Resources */ = {isa = PBXBuildFile; fileRef = F29ED3132855DBCE002371FD /* Map.storyboard */; };
		F29ED3182855DBF1002371FD /* ArchiveViewController.swift in Sources */ = {isa = PBXBuildFile; fileRef = F29ED3172855DBF1002371FD /* ArchiveViewController.swift */; };
		F29ED31B2855DBFA002371FD /* Archive.storyboard in Resources */ = {isa = PBXBuildFile; fileRef = F29ED31A2855DBFA002371FD /* Archive.storyboard */; };
		F29ED31E2855DC07002371FD /* ArchiveViewModel.swift in Sources */ = {isa = PBXBuildFile; fileRef = F29ED31D2855DC07002371FD /* ArchiveViewModel.swift */; };
		F29ED3202855E840002371FD /* EditSettingViewController.swift in Sources */ = {isa = PBXBuildFile; fileRef = F29ED31F2855E840002371FD /* EditSettingViewController.swift */; };
		F29ED3222855E84A002371FD /* ChangePWViewController.swift in Sources */ = {isa = PBXBuildFile; fileRef = F29ED3212855E84A002371FD /* ChangePWViewController.swift */; };
		F29ED3242855EE0D002371FD /* UserUseCase.swift in Sources */ = {isa = PBXBuildFile; fileRef = F29ED3232855EE0D002371FD /* UserUseCase.swift */; };
		F29ED3262855EE1E002371FD /* UserUseCaseProtocol.swift in Sources */ = {isa = PBXBuildFile; fileRef = F29ED3252855EE1E002371FD /* UserUseCaseProtocol.swift */; };
		F29ED3282855EF97002371FD /* UserRepository.swift in Sources */ = {isa = PBXBuildFile; fileRef = F29ED3272855EF97002371FD /* UserRepository.swift */; };
		F29ED32A2855EFB6002371FD /* UserRepositoryProtocol.swift in Sources */ = {isa = PBXBuildFile; fileRef = F29ED3292855EFB6002371FD /* UserRepositoryProtocol.swift */; };
		F29ED32C2855F1D5002371FD /* EditSettingViewModel.swift in Sources */ = {isa = PBXBuildFile; fileRef = F29ED32B2855F1D5002371FD /* EditSettingViewModel.swift */; };
		F29ED32E2855F245002371FD /* ChangePWViewModel.swift in Sources */ = {isa = PBXBuildFile; fileRef = F29ED32D2855F245002371FD /* ChangePWViewModel.swift */; };
		F29ED3302856088D002371FD /* LogoutPopUpViewController.swift in Sources */ = {isa = PBXBuildFile; fileRef = F29ED32F2856088D002371FD /* LogoutPopUpViewController.swift */; };
		F29ED3322856089B002371FD /* QuitPopUpViewController.swift in Sources */ = {isa = PBXBuildFile; fileRef = F29ED3312856089B002371FD /* QuitPopUpViewController.swift */; };
		F29ED33428561D2A002371FD /* AddArchiveViewController.swift in Sources */ = {isa = PBXBuildFile; fileRef = F29ED33328561D2A002371FD /* AddArchiveViewController.swift */; };
		F29ED33628561DC0002371FD /* AddLocationViewController.swift in Sources */ = {isa = PBXBuildFile; fileRef = F29ED33528561DC0002371FD /* AddLocationViewController.swift */; };
		F2A412D82849EFD700E04BF5 /* AppDelegate.swift in Sources */ = {isa = PBXBuildFile; fileRef = F2A412D72849EFD700E04BF5 /* AppDelegate.swift */; };
		F2A412DA2849EFD700E04BF5 /* SceneDelegate.swift in Sources */ = {isa = PBXBuildFile; fileRef = F2A412D92849EFD700E04BF5 /* SceneDelegate.swift */; };
		F2A412DC2849EFD700E04BF5 /* ViewController.swift in Sources */ = {isa = PBXBuildFile; fileRef = F2A412DB2849EFD700E04BF5 /* ViewController.swift */; };
		F2A412DF2849EFD700E04BF5 /* Main.storyboard in Resources */ = {isa = PBXBuildFile; fileRef = F2A412DD2849EFD700E04BF5 /* Main.storyboard */; };
		F2A412E12849EFD900E04BF5 /* Assets.xcassets in Resources */ = {isa = PBXBuildFile; fileRef = F2A412E02849EFD900E04BF5 /* Assets.xcassets */; };
		F2A412E42849EFD900E04BF5 /* LaunchScreen.storyboard in Resources */ = {isa = PBXBuildFile; fileRef = F2A412E22849EFD900E04BF5 /* LaunchScreen.storyboard */; };
		F2A412EF2849EFD900E04BF5 /* WaffleTests.swift in Sources */ = {isa = PBXBuildFile; fileRef = F2A412EE2849EFD900E04BF5 /* WaffleTests.swift */; };
		F2A412F92849EFD900E04BF5 /* WaffleUITests.swift in Sources */ = {isa = PBXBuildFile; fileRef = F2A412F82849EFD900E04BF5 /* WaffleUITests.swift */; };
		F2A412FB2849EFD900E04BF5 /* WaffleUITestsLaunchTests.swift in Sources */ = {isa = PBXBuildFile; fileRef = F2A412FA2849EFD900E04BF5 /* WaffleUITestsLaunchTests.swift */; };
		F2D1C54E2852371100D88347 /* UITextField.swift in Sources */ = {isa = PBXBuildFile; fileRef = F2D1C54D2852371100D88347 /* UITextField.swift */; };
/* End PBXBuildFile section */

/* Begin PBXContainerItemProxy section */
		F2A412EB2849EFD900E04BF5 /* PBXContainerItemProxy */ = {
			isa = PBXContainerItemProxy;
			containerPortal = F2A412CC2849EFD700E04BF5 /* Project object */;
			proxyType = 1;
			remoteGlobalIDString = F2A412D32849EFD700E04BF5;
			remoteInfo = Waffle;
		};
		F2A412F52849EFD900E04BF5 /* PBXContainerItemProxy */ = {
			isa = PBXContainerItemProxy;
			containerPortal = F2A412CC2849EFD700E04BF5 /* Project object */;
			proxyType = 1;
			remoteGlobalIDString = F2A412D32849EFD700E04BF5;
			remoteInfo = Waffle;
		};
/* End PBXContainerItemProxy section */

/* Begin PBXFileReference section */
		3137181A0A244FBFB41258C3 /* Pods-Waffle-WaffleUITests.debug.xcconfig */ = {isa = PBXFileReference; includeInIndex = 1; lastKnownFileType = text.xcconfig; name = "Pods-Waffle-WaffleUITests.debug.xcconfig"; path = "Target Support Files/Pods-Waffle-WaffleUITests/Pods-Waffle-WaffleUITests.debug.xcconfig"; sourceTree = "<group>"; };
		44462EB903AB7B8128E5EEF4 /* Pods-Waffle-WaffleUITests.release.xcconfig */ = {isa = PBXFileReference; includeInIndex = 1; lastKnownFileType = text.xcconfig; name = "Pods-Waffle-WaffleUITests.release.xcconfig"; path = "Target Support Files/Pods-Waffle-WaffleUITests/Pods-Waffle-WaffleUITests.release.xcconfig"; sourceTree = "<group>"; };
		56584A54E1159B7F75006EB4 /* Pods-WaffleTests.debug.xcconfig */ = {isa = PBXFileReference; includeInIndex = 1; lastKnownFileType = text.xcconfig; name = "Pods-WaffleTests.debug.xcconfig"; path = "Target Support Files/Pods-WaffleTests/Pods-WaffleTests.debug.xcconfig"; sourceTree = "<group>"; };
		65008EAE910B592BFD3F1DD7 /* Pods-Waffle.release.xcconfig */ = {isa = PBXFileReference; includeInIndex = 1; lastKnownFileType = text.xcconfig; name = "Pods-Waffle.release.xcconfig"; path = "Target Support Files/Pods-Waffle/Pods-Waffle.release.xcconfig"; sourceTree = "<group>"; };
		78DF3A9DF91B1DC517C009B1 /* Pods_Waffle.framework */ = {isa = PBXFileReference; explicitFileType = wrapper.framework; includeInIndex = 0; path = Pods_Waffle.framework; sourceTree = BUILT_PRODUCTS_DIR; };
		BE142431BB853F5F4E00B33E /* Pods_WaffleTests.framework */ = {isa = PBXFileReference; explicitFileType = wrapper.framework; includeInIndex = 0; path = Pods_WaffleTests.framework; sourceTree = BUILT_PRODUCTS_DIR; };
		EDAC56E515A0DCE28384B965 /* Pods-WaffleTests.release.xcconfig */ = {isa = PBXFileReference; includeInIndex = 1; lastKnownFileType = text.xcconfig; name = "Pods-WaffleTests.release.xcconfig"; path = "Target Support Files/Pods-WaffleTests/Pods-WaffleTests.release.xcconfig"; sourceTree = "<group>"; };
		F205519C285458F80051E94D /* UIButton.swift */ = {isa = PBXFileReference; lastKnownFileType = sourcecode.swift; path = UIButton.swift; sourceTree = "<group>"; };
		F205519E28546AD30051E94D /* FindPWViewModel.swift */ = {isa = PBXFileReference; lastKnownFileType = sourcecode.swift; path = FindPWViewModel.swift; sourceTree = "<group>"; };
		F20551A028549D310051E94D /* UIFont.swift */ = {isa = PBXFileReference; lastKnownFileType = sourcecode.swift; path = UIFont.swift; sourceTree = "<group>"; };
		F20551A22854A74E0051E94D /* TermsViewController.swift */ = {isa = PBXFileReference; lastKnownFileType = sourcecode.swift; path = TermsViewController.swift; sourceTree = "<group>"; };
		F20551A42854A75A0051E94D /* SetProfileImageViewController.swift */ = {isa = PBXFileReference; lastKnownFileType = sourcecode.swift; path = SetProfileImageViewController.swift; sourceTree = "<group>"; };
		F2125D09284DFC25008E1185 /* Login.storyboard */ = {isa = PBXFileReference; lastKnownFileType = file.storyboard; path = Login.storyboard; sourceTree = "<group>"; };
		F2125D0B284DFC67008E1185 /* LoginViewController.swift */ = {isa = PBXFileReference; lastKnownFileType = sourcecode.swift; path = LoginViewController.swift; sourceTree = "<group>"; };
		F2125D0D284DFDD5008E1185 /* LoginViewModel.swift */ = {isa = PBXFileReference; lastKnownFileType = sourcecode.swift; path = LoginViewModel.swift; sourceTree = "<group>"; };
		F2125D10284E0C3D008E1185 /* Coordinator.swift */ = {isa = PBXFileReference; lastKnownFileType = sourcecode.swift; path = Coordinator.swift; sourceTree = "<group>"; };
		F2125D13284E0E88008E1185 /* UserDefaultKey.swift */ = {isa = PBXFileReference; lastKnownFileType = sourcecode.swift; path = UserDefaultKey.swift; sourceTree = "<group>"; };
		F2125D1B284E1046008E1185 /* LoginCoordinatorProtocol.swift */ = {isa = PBXFileReference; lastKnownFileType = sourcecode.swift; path = LoginCoordinatorProtocol.swift; sourceTree = "<group>"; };
		F2125D1D284E10B8008E1185 /* LoginCoordinator.swift */ = {isa = PBXFileReference; lastKnownFileType = sourcecode.swift; path = LoginCoordinator.swift; sourceTree = "<group>"; };
		F2125D20284E1379008E1185 /* AppCoordinator.swift */ = {isa = PBXFileReference; lastKnownFileType = sourcecode.swift; path = AppCoordinator.swift; sourceTree = "<group>"; };
		F2125D22284E15CA008E1185 /* CoordinatorType.swift */ = {isa = PBXFileReference; lastKnownFileType = sourcecode.swift; path = CoordinatorType.swift; sourceTree = "<group>"; };
		F2125D25284E16FE008E1185 /* CoordinatorFinishDelegate.swift */ = {isa = PBXFileReference; lastKnownFileType = sourcecode.swift; path = CoordinatorFinishDelegate.swift; sourceTree = "<group>"; };
		F2125D28284E1922008E1185 /* TabBarCoordinatorProtocol.swift */ = {isa = PBXFileReference; lastKnownFileType = sourcecode.swift; path = TabBarCoordinatorProtocol.swift; sourceTree = "<group>"; };
		F2125D2A284E19AD008E1185 /* TapBarPage.swift */ = {isa = PBXFileReference; lastKnownFileType = sourcecode.swift; path = TapBarPage.swift; sourceTree = "<group>"; };
		F2125D2C284E1D62008E1185 /* TabBarCoordinator.swift */ = {isa = PBXFileReference; lastKnownFileType = sourcecode.swift; path = TabBarCoordinator.swift; sourceTree = "<group>"; };
		F2125D2E284E2752008E1185 /* Config.swift */ = {isa = PBXFileReference; lastKnownFileType = sourcecode.swift; path = Config.swift; sourceTree = "<group>"; };
		F2125D34284E5270008E1185 /* LoginSignUseCase.swift */ = {isa = PBXFileReference; lastKnownFileType = sourcecode.swift; path = LoginSignUseCase.swift; sourceTree = "<group>"; };
		F2125D36284E52A8008E1185 /* LoginSignUseCaseProtocol.swift */ = {isa = PBXFileReference; lastKnownFileType = sourcecode.swift; path = LoginSignUseCaseProtocol.swift; sourceTree = "<group>"; };
		F2125D3A284E5373008E1185 /* LoginSignRepositoryProtocol.swift */ = {isa = PBXFileReference; lastKnownFileType = sourcecode.swift; path = LoginSignRepositoryProtocol.swift; sourceTree = "<group>"; };
		F2125D3C284E53AB008E1185 /* LoginSignRepository.swift */ = {isa = PBXFileReference; lastKnownFileType = sourcecode.swift; path = LoginSignRepository.swift; sourceTree = "<group>"; };
		F2125D41284E5560008E1185 /* NetworkRequestBuilder.swift */ = {isa = PBXFileReference; lastKnownFileType = sourcecode.swift; path = NetworkRequestBuilder.swift; sourceTree = "<group>"; };
		F2125D43284E5686008E1185 /* URLSessionNetworkServiceProtocol.swift */ = {isa = PBXFileReference; lastKnownFileType = sourcecode.swift; path = URLSessionNetworkServiceProtocol.swift; sourceTree = "<group>"; };
		F2125D45284E56E8008E1185 /* URLSessionNetworkService.swift */ = {isa = PBXFileReference; lastKnownFileType = sourcecode.swift; path = URLSessionNetworkService.swift; sourceTree = "<group>"; };
		F2125D4D284E60E5008E1185 /* SignUpViewController.swift */ = {isa = PBXFileReference; lastKnownFileType = sourcecode.swift; path = SignUpViewController.swift; sourceTree = "<group>"; };
		F2125D50284E60FD008E1185 /* SignUp.storyboard */ = {isa = PBXFileReference; lastKnownFileType = file.storyboard; path = SignUp.storyboard; sourceTree = "<group>"; };
		F2125D52284E613B008E1185 /* SignUpViewModel.swift */ = {isa = PBXFileReference; lastKnownFileType = sourcecode.swift; path = SignUpViewModel.swift; sourceTree = "<group>"; };
		F2125D54284E635C008E1185 /*  UINavigationItem.swift */ = {isa = PBXFileReference; lastKnownFileType = sourcecode.swift; path = " UINavigationItem.swift"; sourceTree = "<group>"; };
		F2125D56284F40E2008E1185 /* SettingViewController.swift */ = {isa = PBXFileReference; lastKnownFileType = sourcecode.swift; path = SettingViewController.swift; sourceTree = "<group>"; };
		F2125D58284F43D2008E1185 /* SettingTableViewCell.swift */ = {isa = PBXFileReference; lastKnownFileType = sourcecode.swift; path = SettingTableViewCell.swift; sourceTree = "<group>"; };
		F2125D5C284F45A4008E1185 /* Assets.swift */ = {isa = PBXFileReference; lastKnownFileType = sourcecode.swift; path = Assets.swift; sourceTree = "<group>"; };
		F2125D5E2850EF45008E1185 /* FindPWViewController.swift */ = {isa = PBXFileReference; lastKnownFileType = sourcecode.swift; path = FindPWViewController.swift; sourceTree = "<group>"; };
		F2125D602850FFD3008E1185 /* UIViewController.swift */ = {isa = PBXFileReference; lastKnownFileType = sourcecode.swift; path = UIViewController.swift; sourceTree = "<group>"; };
		F21972C2284B8B3F0086E56B /* AppCoordinatorProtocol.swift */ = {isa = PBXFileReference; lastKnownFileType = sourcecode.swift; path = AppCoordinatorProtocol.swift; sourceTree = "<group>"; };
		F21972CA284B8BF80086E56B /* Colors.xcassets */ = {isa = PBXFileReference; lastKnownFileType = folder.assetcatalog; path = Colors.xcassets; sourceTree = "<group>"; };
		F232433B2855095600742362 /* SetProfileImageViewModel.swift */ = {isa = PBXFileReference; lastKnownFileType = sourcecode.swift; path = SetProfileImageViewModel.swift; sourceTree = "<group>"; };
		F232433D2855B64E00742362 /* UIImageView.swift */ = {isa = PBXFileReference; lastKnownFileType = sourcecode.swift; path = UIImageView.swift; sourceTree = "<group>"; };
		F232433F2855B73300742362 /* ProfileImageCollectionViewCell.swift */ = {isa = PBXFileReference; lastKnownFileType = sourcecode.swift; path = ProfileImageCollectionViewCell.swift; sourceTree = "<group>"; };
		F2764BE328524A000022D41E /* SignUpCoordinator.swift */ = {isa = PBXFileReference; lastKnownFileType = sourcecode.swift; path = SignUpCoordinator.swift; sourceTree = "<group>"; };
		F2764BE528524A0E0022D41E /* SignUpCoordinatorProtocol.swift */ = {isa = PBXFileReference; lastKnownFileType = sourcecode.swift; path = SignUpCoordinatorProtocol.swift; sourceTree = "<group>"; };
		F29ED2E72855D75B002371FD /* HomeCoordinator.swift */ = {isa = PBXFileReference; lastKnownFileType = sourcecode.swift; path = HomeCoordinator.swift; sourceTree = "<group>"; };
		F29ED2EA2855D76B002371FD /* MapCoordinator.swift */ = {isa = PBXFileReference; lastKnownFileType = sourcecode.swift; path = MapCoordinator.swift; sourceTree = "<group>"; };
		F29ED2EE2855D79F002371FD /* MapCoordinatorProtocol.swift */ = {isa = PBXFileReference; lastKnownFileType = sourcecode.swift; path = MapCoordinatorProtocol.swift; sourceTree = "<group>"; };
		F29ED2F02855D7F3002371FD /* SettingCoordinator.swift */ = {isa = PBXFileReference; lastKnownFileType = sourcecode.swift; path = SettingCoordinator.swift; sourceTree = "<group>"; };
		F29ED2F32855D800002371FD /* SettingCoordinatorProtocol.swift */ = {isa = PBXFileReference; lastKnownFileType = sourcecode.swift; path = SettingCoordinatorProtocol.swift; sourceTree = "<group>"; };
		F29ED2F52855D863002371FD /* HomeCoordinatorProtocol.swift */ = {isa = PBXFileReference; lastKnownFileType = sourcecode.swift; path = HomeCoordinatorProtocol.swift; sourceTree = "<group>"; };
		F29ED2F92855D945002371FD /* ArchiveCoordinator.swift */ = {isa = PBXFileReference; lastKnownFileType = sourcecode.swift; path = ArchiveCoordinator.swift; sourceTree = "<group>"; };
		F29ED2FC2855D954002371FD /* ArchiveCoordinatorProtocol.swift */ = {isa = PBXFileReference; lastKnownFileType = sourcecode.swift; path = ArchiveCoordinatorProtocol.swift; sourceTree = "<group>"; };
		F29ED2FF2855DB5B002371FD /* HomeViewController.swift */ = {isa = PBXFileReference; lastKnownFileType = sourcecode.swift; path = HomeViewController.swift; sourceTree = "<group>"; };
		F29ED3022855DB71002371FD /* MapViewController.swift */ = {isa = PBXFileReference; lastKnownFileType = sourcecode.swift; path = MapViewController.swift; sourceTree = "<group>"; };
		F29ED3052855DB7F002371FD /* MapViewModel.swift */ = {isa = PBXFileReference; lastKnownFileType = sourcecode.swift; path = MapViewModel.swift; sourceTree = "<group>"; };
		F29ED3072855DB8C002371FD /* SettingViewModel.swift */ = {isa = PBXFileReference; lastKnownFileType = sourcecode.swift; path = SettingViewModel.swift; sourceTree = "<group>"; };
		F29ED3092855DB99002371FD /* HomeViewModel.swift */ = {isa = PBXFileReference; lastKnownFileType = sourcecode.swift; path = HomeViewModel.swift; sourceTree = "<group>"; };
		F29ED30D2855DBB2002371FD /* Home.storyboard */ = {isa = PBXFileReference; lastKnownFileType = file.storyboard; path = Home.storyboard; sourceTree = "<group>"; };
		F29ED3102855DBC3002371FD /* Setting.storyboard */ = {isa = PBXFileReference; lastKnownFileType = file.storyboard; path = Setting.storyboard; sourceTree = "<group>"; };
		F29ED3132855DBCE002371FD /* Map.storyboard */ = {isa = PBXFileReference; lastKnownFileType = file.storyboard; path = Map.storyboard; sourceTree = "<group>"; };
		F29ED3172855DBF1002371FD /* ArchiveViewController.swift */ = {isa = PBXFileReference; lastKnownFileType = sourcecode.swift; path = ArchiveViewController.swift; sourceTree = "<group>"; };
		F29ED31A2855DBFA002371FD /* Archive.storyboard */ = {isa = PBXFileReference; lastKnownFileType = file.storyboard; path = Archive.storyboard; sourceTree = "<group>"; };
		F29ED31D2855DC07002371FD /* ArchiveViewModel.swift */ = {isa = PBXFileReference; lastKnownFileType = sourcecode.swift; path = ArchiveViewModel.swift; sourceTree = "<group>"; };
		F29ED31F2855E840002371FD /* EditSettingViewController.swift */ = {isa = PBXFileReference; lastKnownFileType = sourcecode.swift; path = EditSettingViewController.swift; sourceTree = "<group>"; };
		F29ED3212855E84A002371FD /* ChangePWViewController.swift */ = {isa = PBXFileReference; lastKnownFileType = sourcecode.swift; path = ChangePWViewController.swift; sourceTree = "<group>"; };
		F29ED3232855EE0D002371FD /* UserUseCase.swift */ = {isa = PBXFileReference; lastKnownFileType = sourcecode.swift; path = UserUseCase.swift; sourceTree = "<group>"; };
		F29ED3252855EE1E002371FD /* UserUseCaseProtocol.swift */ = {isa = PBXFileReference; lastKnownFileType = sourcecode.swift; path = UserUseCaseProtocol.swift; sourceTree = "<group>"; };
		F29ED3272855EF97002371FD /* UserRepository.swift */ = {isa = PBXFileReference; lastKnownFileType = sourcecode.swift; path = UserRepository.swift; sourceTree = "<group>"; };
		F29ED3292855EFB6002371FD /* UserRepositoryProtocol.swift */ = {isa = PBXFileReference; lastKnownFileType = sourcecode.swift; path = UserRepositoryProtocol.swift; sourceTree = "<group>"; };
		F29ED32B2855F1D5002371FD /* EditSettingViewModel.swift */ = {isa = PBXFileReference; lastKnownFileType = sourcecode.swift; path = EditSettingViewModel.swift; sourceTree = "<group>"; };
		F29ED32D2855F245002371FD /* ChangePWViewModel.swift */ = {isa = PBXFileReference; lastKnownFileType = sourcecode.swift; path = ChangePWViewModel.swift; sourceTree = "<group>"; };
		F29ED32F2856088D002371FD /* LogoutPopUpViewController.swift */ = {isa = PBXFileReference; lastKnownFileType = sourcecode.swift; path = LogoutPopUpViewController.swift; sourceTree = "<group>"; };
		F29ED3312856089B002371FD /* QuitPopUpViewController.swift */ = {isa = PBXFileReference; lastKnownFileType = sourcecode.swift; path = QuitPopUpViewController.swift; sourceTree = "<group>"; };
		F29ED33328561D2A002371FD /* AddArchiveViewController.swift */ = {isa = PBXFileReference; lastKnownFileType = sourcecode.swift; path = AddArchiveViewController.swift; sourceTree = "<group>"; };
		F29ED33528561DC0002371FD /* AddLocationViewController.swift */ = {isa = PBXFileReference; lastKnownFileType = sourcecode.swift; path = AddLocationViewController.swift; sourceTree = "<group>"; };
		F2A412D42849EFD700E04BF5 /* Waffle.app */ = {isa = PBXFileReference; explicitFileType = wrapper.application; includeInIndex = 0; path = Waffle.app; sourceTree = BUILT_PRODUCTS_DIR; };
		F2A412D72849EFD700E04BF5 /* AppDelegate.swift */ = {isa = PBXFileReference; lastKnownFileType = sourcecode.swift; path = AppDelegate.swift; sourceTree = "<group>"; };
		F2A412D92849EFD700E04BF5 /* SceneDelegate.swift */ = {isa = PBXFileReference; lastKnownFileType = sourcecode.swift; path = SceneDelegate.swift; sourceTree = "<group>"; };
		F2A412DB2849EFD700E04BF5 /* ViewController.swift */ = {isa = PBXFileReference; lastKnownFileType = sourcecode.swift; path = ViewController.swift; sourceTree = "<group>"; };
		F2A412DE2849EFD700E04BF5 /* Base */ = {isa = PBXFileReference; lastKnownFileType = file.storyboard; name = Base; path = Base.lproj/Main.storyboard; sourceTree = "<group>"; };
		F2A412E02849EFD900E04BF5 /* Assets.xcassets */ = {isa = PBXFileReference; lastKnownFileType = folder.assetcatalog; path = Assets.xcassets; sourceTree = "<group>"; };
		F2A412E32849EFD900E04BF5 /* Base */ = {isa = PBXFileReference; lastKnownFileType = file.storyboard; name = Base; path = Base.lproj/LaunchScreen.storyboard; sourceTree = "<group>"; };
		F2A412E52849EFD900E04BF5 /* Info.plist */ = {isa = PBXFileReference; lastKnownFileType = text.plist.xml; path = Info.plist; sourceTree = "<group>"; };
		F2A412EA2849EFD900E04BF5 /* WaffleTests.xctest */ = {isa = PBXFileReference; explicitFileType = wrapper.cfbundle; includeInIndex = 0; path = WaffleTests.xctest; sourceTree = BUILT_PRODUCTS_DIR; };
		F2A412EE2849EFD900E04BF5 /* WaffleTests.swift */ = {isa = PBXFileReference; lastKnownFileType = sourcecode.swift; path = WaffleTests.swift; sourceTree = "<group>"; };
		F2A412F42849EFD900E04BF5 /* WaffleUITests.xctest */ = {isa = PBXFileReference; explicitFileType = wrapper.cfbundle; includeInIndex = 0; path = WaffleUITests.xctest; sourceTree = BUILT_PRODUCTS_DIR; };
		F2A412F82849EFD900E04BF5 /* WaffleUITests.swift */ = {isa = PBXFileReference; lastKnownFileType = sourcecode.swift; path = WaffleUITests.swift; sourceTree = "<group>"; };
		F2A412FA2849EFD900E04BF5 /* WaffleUITestsLaunchTests.swift */ = {isa = PBXFileReference; lastKnownFileType = sourcecode.swift; path = WaffleUITestsLaunchTests.swift; sourceTree = "<group>"; };
		F2D1C54D2852371100D88347 /* UITextField.swift */ = {isa = PBXFileReference; lastKnownFileType = sourcecode.swift; path = UITextField.swift; sourceTree = "<group>"; };
		F71E0353C016D52FC2CAE901 /* Pods_Waffle_WaffleUITests.framework */ = {isa = PBXFileReference; explicitFileType = wrapper.framework; includeInIndex = 0; path = Pods_Waffle_WaffleUITests.framework; sourceTree = BUILT_PRODUCTS_DIR; };
		FAC761AD9514C9B3C2A0D338 /* Pods-Waffle.debug.xcconfig */ = {isa = PBXFileReference; includeInIndex = 1; lastKnownFileType = text.xcconfig; name = "Pods-Waffle.debug.xcconfig"; path = "Target Support Files/Pods-Waffle/Pods-Waffle.debug.xcconfig"; sourceTree = "<group>"; };
/* End PBXFileReference section */

/* Begin PBXFrameworksBuildPhase section */
		F2A412D12849EFD700E04BF5 /* Frameworks */ = {
			isa = PBXFrameworksBuildPhase;
			buildActionMask = 2147483647;
			files = (
				7FA1D801216F3A22E519B5ED /* Pods_Waffle.framework in Frameworks */,
			);
			runOnlyForDeploymentPostprocessing = 0;
		};
		F2A412E72849EFD900E04BF5 /* Frameworks */ = {
			isa = PBXFrameworksBuildPhase;
			buildActionMask = 2147483647;
			files = (
				63054AD9F45707A8D8DE29DD /* Pods_WaffleTests.framework in Frameworks */,
			);
			runOnlyForDeploymentPostprocessing = 0;
		};
		F2A412F12849EFD900E04BF5 /* Frameworks */ = {
			isa = PBXFrameworksBuildPhase;
			buildActionMask = 2147483647;
			files = (
				57A89CA88024C2A03C5AC44A /* Pods_Waffle_WaffleUITests.framework in Frameworks */,
			);
			runOnlyForDeploymentPostprocessing = 0;
		};
/* End PBXFrameworksBuildPhase section */

/* Begin PBXGroup section */
		07CFBAE34DEF76E1075B37B1 /* Frameworks */ = {
			isa = PBXGroup;
			children = (
				78DF3A9DF91B1DC517C009B1 /* Pods_Waffle.framework */,
				F71E0353C016D52FC2CAE901 /* Pods_Waffle_WaffleUITests.framework */,
				BE142431BB853F5F4E00B33E /* Pods_WaffleTests.framework */,
			);
			name = Frameworks;
			sourceTree = "<group>";
		};
		EDA61873935AB7625B636134 /* Pods */ = {
			isa = PBXGroup;
			children = (
				FAC761AD9514C9B3C2A0D338 /* Pods-Waffle.debug.xcconfig */,
				65008EAE910B592BFD3F1DD7 /* Pods-Waffle.release.xcconfig */,
				3137181A0A244FBFB41258C3 /* Pods-Waffle-WaffleUITests.debug.xcconfig */,
				44462EB903AB7B8128E5EEF4 /* Pods-Waffle-WaffleUITests.release.xcconfig */,
				56584A54E1159B7F75006EB4 /* Pods-WaffleTests.debug.xcconfig */,
				EDAC56E515A0DCE28384B965 /* Pods-WaffleTests.release.xcconfig */,
			);
			path = Pods;
			sourceTree = "<group>";
		};
		F2125D0F284E0C2C008E1185 /* Protocol */ = {
			isa = PBXGroup;
			children = (
				F2125D27284E1908008E1185 /* Base */,
				F21972C2284B8B3F0086E56B /* AppCoordinatorProtocol.swift */,
				F2125D28284E1922008E1185 /* TabBarCoordinatorProtocol.swift */,
			);
			path = Protocol;
			sourceTree = "<group>";
		};
		F2125D12284E0E79008E1185 /* Constant */ = {
			isa = PBXGroup;
			children = (
				F2125D13284E0E88008E1185 /* UserDefaultKey.swift */,
				F2125D22284E15CA008E1185 /* CoordinatorType.swift */,
				F2125D2A284E19AD008E1185 /* TapBarPage.swift */,
				F2125D2E284E2752008E1185 /* Config.swift */,
			);
			path = Constant;
			sourceTree = "<group>";
		};
		F2125D15284E0F41008E1185 /* View */ = {
			isa = PBXGroup;
			children = (
				F2125D09284DFC25008E1185 /* Login.storyboard */,
			);
			path = View;
			sourceTree = "<group>";
		};
		F2125D16284E0F76008E1185 /* ViewController */ = {
			isa = PBXGroup;
			children = (
				F2125D0B284DFC67008E1185 /* LoginViewController.swift */,
				F2125D5E2850EF45008E1185 /* FindPWViewController.swift */,
			);
			path = ViewController;
			sourceTree = "<group>";
		};
		F2125D17284E0F7F008E1185 /* ViewModel */ = {
			isa = PBXGroup;
			children = (
				F2125D0D284DFDD5008E1185 /* LoginViewModel.swift */,
				F205519E28546AD30051E94D /* FindPWViewModel.swift */,
			);
			path = ViewModel;
			sourceTree = "<group>";
		};
		F2125D18284E1023008E1185 /* Coordinator */ = {
			isa = PBXGroup;
			children = (
				F2125D19284E102B008E1185 /* Protocol */,
				F2125D1D284E10B8008E1185 /* LoginCoordinator.swift */,
			);
			path = Coordinator;
			sourceTree = "<group>";
		};
		F2125D19284E102B008E1185 /* Protocol */ = {
			isa = PBXGroup;
			children = (
				F2125D1B284E1046008E1185 /* LoginCoordinatorProtocol.swift */,
			);
			path = Protocol;
			sourceTree = "<group>";
		};
		F2125D1F284E1239008E1185 /* SignUpScene */ = {
			isa = PBXGroup;
			children = (
				F2125D4F284E60F0008E1185 /* View */,
				F2125D4C284E60D4008E1185 /* Coordinator */,
				F2125D4B284E60CF008E1185 /* ViewModel */,
				F2125D4A284E60C8008E1185 /* ViewController */,
			);
			path = SignUpScene;
			sourceTree = "<group>";
		};
		F2125D24284E160A008E1185 /* MapScene */ = {
			isa = PBXGroup;
			children = (
				F29ED3122855DBC6002371FD /* View */,
				F29ED3042855DB74002371FD /* ViewModel */,
				F29ED3012855DB66002371FD /* ViewController */,
				F29ED2E62855D749002371FD /* Coordinator */,
			);
			path = MapScene;
			sourceTree = "<group>";
		};
		F2125D27284E1908008E1185 /* Base */ = {
			isa = PBXGroup;
			children = (
				F2125D25284E16FE008E1185 /* CoordinatorFinishDelegate.swift */,
				F2125D10284E0C3D008E1185 /* Coordinator.swift */,
			);
			path = Base;
			sourceTree = "<group>";
		};
		F2125D30284E4482008E1185 /* ViewController */ = {
			isa = PBXGroup;
			children = (
				F2125D56284F40E2008E1185 /* SettingViewController.swift */,
				F2125D58284F43D2008E1185 /* SettingTableViewCell.swift */,
				F29ED31F2855E840002371FD /* EditSettingViewController.swift */,
				F29ED3212855E84A002371FD /* ChangePWViewController.swift */,
				F29ED32F2856088D002371FD /* LogoutPopUpViewController.swift */,
				F29ED3312856089B002371FD /* QuitPopUpViewController.swift */,
			);
			path = ViewController;
			sourceTree = "<group>";
		};
		F2125D31284E4490008E1185 /* ViewModel */ = {
			isa = PBXGroup;
			children = (
				F29ED3072855DB8C002371FD /* SettingViewModel.swift */,
				F29ED32B2855F1D5002371FD /* EditSettingViewModel.swift */,
				F29ED32D2855F245002371FD /* ChangePWViewModel.swift */,
			);
			path = ViewModel;
			sourceTree = "<group>";
		};
		F2125D32284E449A008E1185 /* Coordinator */ = {
			isa = PBXGroup;
			children = (
				F29ED2F22855D7F7002371FD /* Protocol */,
				F29ED2F02855D7F3002371FD /* SettingCoordinator.swift */,
			);
			path = Coordinator;
			sourceTree = "<group>";
		};
		F2125D38284E534F008E1185 /* UseCase */ = {
			isa = PBXGroup;
			children = (
				F2125D36284E52A8008E1185 /* LoginSignUseCaseProtocol.swift */,
				F29ED3252855EE1E002371FD /* UserUseCaseProtocol.swift */,
			);
			path = UseCase;
			sourceTree = "<group>";
		};
		F2125D39284E5358008E1185 /* Repositories */ = {
			isa = PBXGroup;
			children = (
				F2125D3A284E5373008E1185 /* LoginSignRepositoryProtocol.swift */,
				F29ED3292855EFB6002371FD /* UserRepositoryProtocol.swift */,
			);
			path = Repositories;
			sourceTree = "<group>";
		};
		F2125D3E284E5437008E1185 /* Interfaces */ = {
			isa = PBXGroup;
			children = (
				F2125D43284E5686008E1185 /* URLSessionNetworkServiceProtocol.swift */,
			);
			path = Interfaces;
			sourceTree = "<group>";
		};
		F2125D40284E550B008E1185 /* Services */ = {
			isa = PBXGroup;
			children = (
				F2125D41284E5560008E1185 /* NetworkRequestBuilder.swift */,
				F2125D45284E56E8008E1185 /* URLSessionNetworkService.swift */,
			);
			path = Services;
			sourceTree = "<group>";
		};
		F2125D49284E5CDD008E1185 /* Coordinator */ = {
			isa = PBXGroup;
			children = (
				F2125D2C284E1D62008E1185 /* TabBarCoordinator.swift */,
				F2125D20284E1379008E1185 /* AppCoordinator.swift */,
			);
			path = Coordinator;
			sourceTree = "<group>";
		};
		F2125D4A284E60C8008E1185 /* ViewController */ = {
			isa = PBXGroup;
			children = (
				F2125D4D284E60E5008E1185 /* SignUpViewController.swift */,
				F20551A22854A74E0051E94D /* TermsViewController.swift */,
				F20551A42854A75A0051E94D /* SetProfileImageViewController.swift */,
				F232433F2855B73300742362 /* ProfileImageCollectionViewCell.swift */,
			);
			path = ViewController;
			sourceTree = "<group>";
		};
		F2125D4B284E60CF008E1185 /* ViewModel */ = {
			isa = PBXGroup;
			children = (
				F2125D52284E613B008E1185 /* SignUpViewModel.swift */,
				F232433B2855095600742362 /* SetProfileImageViewModel.swift */,
			);
			path = ViewModel;
			sourceTree = "<group>";
		};
		F2125D4C284E60D4008E1185 /* Coordinator */ = {
			isa = PBXGroup;
			children = (
				F2764BE2285249EB0022D41E /* Protocol */,
				F2764BE328524A000022D41E /* SignUpCoordinator.swift */,
			);
			path = Coordinator;
			sourceTree = "<group>";
		};
		F2125D4F284E60F0008E1185 /* View */ = {
			isa = PBXGroup;
			children = (
				F2125D50284E60FD008E1185 /* SignUp.storyboard */,
			);
			path = View;
			sourceTree = "<group>";
		};
		F21972BF284B8AC50086E56B /* Presentation */ = {
			isa = PBXGroup;
			children = (
				F29ED2F72855D8DC002371FD /* ArchiveScene */,
				F2125D24284E160A008E1185 /* MapScene */,
				F21972D1284B8CCF0086E56B /* SettingScene */,
				F21972D0284B8C980086E56B /* HomeScene */,
				F21972CF284B8C7E0086E56B /* LoginScene */,
				F2125D1F284E1239008E1185 /* SignUpScene */,
				F21972C0284B8ACF0086E56B /* Common */,
			);
			path = Presentation;
			sourceTree = "<group>";
		};
		F21972C0284B8ACF0086E56B /* Common */ = {
			isa = PBXGroup;
			children = (
				F2125D49284E5CDD008E1185 /* Coordinator */,
				F2125D0F284E0C2C008E1185 /* Protocol */,
			);
			path = Common;
			sourceTree = "<group>";
		};
		F21972C1284B8AE80086E56B /* Application */ = {
			isa = PBXGroup;
			children = (
				F2A412D72849EFD700E04BF5 /* AppDelegate.swift */,
				F2A412D92849EFD700E04BF5 /* SceneDelegate.swift */,
			);
			path = Application;
			sourceTree = "<group>";
		};
		F21972C4284B8B770086E56B /* Domain */ = {
			isa = PBXGroup;
			children = (
				F21972C7284B8B990086E56B /* Interfaces */,
				F21972C6284B8B900086E56B /* Entities */,
				F21972C5284B8B800086E56B /* UseCases */,
			);
			path = Domain;
			sourceTree = "<group>";
		};
		F21972C5284B8B800086E56B /* UseCases */ = {
			isa = PBXGroup;
			children = (
				F2125D34284E5270008E1185 /* LoginSignUseCase.swift */,
				F29ED3232855EE0D002371FD /* UserUseCase.swift */,
			);
			path = UseCases;
			sourceTree = "<group>";
		};
		F21972C6284B8B900086E56B /* Entities */ = {
			isa = PBXGroup;
			children = (
			);
			path = Entities;
			sourceTree = "<group>";
		};
		F21972C7284B8B990086E56B /* Interfaces */ = {
			isa = PBXGroup;
			children = (
				F2125D39284E5358008E1185 /* Repositories */,
				F2125D38284E534F008E1185 /* UseCase */,
			);
			path = Interfaces;
			sourceTree = "<group>";
		};
		F21972C8284B8BAF0086E56B /* Data */ = {
			isa = PBXGroup;
			children = (
				F2125D3E284E5437008E1185 /* Interfaces */,
				F21972D2284B8F210086E56B /* Network */,
				F21972CE284B8C730086E56B /* Repositories */,
			);
			path = Data;
			sourceTree = "<group>";
		};
		F21972C9284B8BC60086E56B /* Resources */ = {
			isa = PBXGroup;
			children = (
				F21972D3284B90490086E56B /* Fonts */,
				F2A412E02849EFD900E04BF5 /* Assets.xcassets */,
				F21972CA284B8BF80086E56B /* Colors.xcassets */,
			);
			path = Resources;
			sourceTree = "<group>";
		};
		F21972CC284B8C1B0086E56B /* Utils */ = {
			isa = PBXGroup;
			children = (
				F2125D12284E0E79008E1185 /* Constant */,
				F21972CD284B8C220086E56B /* Extensions */,
			);
			path = Utils;
			sourceTree = "<group>";
		};
		F21972CD284B8C220086E56B /* Extensions */ = {
			isa = PBXGroup;
			children = (
				F2125D5C284F45A4008E1185 /* Assets.swift */,
				F2125D54284E635C008E1185 /*  UINavigationItem.swift */,
				F2125D602850FFD3008E1185 /* UIViewController.swift */,
				F2D1C54D2852371100D88347 /* UITextField.swift */,
				F205519C285458F80051E94D /* UIButton.swift */,
				F20551A028549D310051E94D /* UIFont.swift */,
				F232433D2855B64E00742362 /* UIImageView.swift */,
			);
			path = Extensions;
			sourceTree = "<group>";
		};
		F21972CE284B8C730086E56B /* Repositories */ = {
			isa = PBXGroup;
			children = (
				F2125D3C284E53AB008E1185 /* LoginSignRepository.swift */,
				F29ED3272855EF97002371FD /* UserRepository.swift */,
			);
			path = Repositories;
			sourceTree = "<group>";
		};
		F21972CF284B8C7E0086E56B /* LoginScene */ = {
			isa = PBXGroup;
			children = (
				F2125D18284E1023008E1185 /* Coordinator */,
				F2125D17284E0F7F008E1185 /* ViewModel */,
				F2125D16284E0F76008E1185 /* ViewController */,
				F2125D15284E0F41008E1185 /* View */,
			);
			path = LoginScene;
			sourceTree = "<group>";
		};
		F21972D0284B8C980086E56B /* HomeScene */ = {
			isa = PBXGroup;
			children = (
				F29ED30C2855DBAA002371FD /* View */,
				F29ED30B2855DB9D002371FD /* ViewModel */,
				F29ED2FE2855DB49002371FD /* ViewController */,
				F29ED2E92855D75F002371FD /* Coordinator */,
			);
			path = HomeScene;
			sourceTree = "<group>";
		};
		F21972D1284B8CCF0086E56B /* SettingScene */ = {
			isa = PBXGroup;
			children = (
				F29ED30F2855DBBB002371FD /* View */,
				F2125D32284E449A008E1185 /* Coordinator */,
				F2125D31284E4490008E1185 /* ViewModel */,
				F2125D30284E4482008E1185 /* ViewController */,
			);
			path = SettingScene;
			sourceTree = "<group>";
		};
		F21972D2284B8F210086E56B /* Network */ = {
			isa = PBXGroup;
			children = (
			);
			path = Network;
			sourceTree = "<group>";
		};
		F21972D3284B90490086E56B /* Fonts */ = {
			isa = PBXGroup;
			children = (
			);
			path = Fonts;
			sourceTree = "<group>";
		};
		F2764BE2285249EB0022D41E /* Protocol */ = {
			isa = PBXGroup;
			children = (
				F2764BE528524A0E0022D41E /* SignUpCoordinatorProtocol.swift */,
			);
			path = Protocol;
			sourceTree = "<group>";
		};
		F29ED2E62855D749002371FD /* Coordinator */ = {
			isa = PBXGroup;
			children = (
				F29ED2ED2855D78F002371FD /* Protocol */,
				F29ED2EA2855D76B002371FD /* MapCoordinator.swift */,
			);
			path = Coordinator;
			sourceTree = "<group>";
		};
		F29ED2E92855D75F002371FD /* Coordinator */ = {
			isa = PBXGroup;
			children = (
				F29ED2EC2855D789002371FD /* Protocol */,
				F29ED2E72855D75B002371FD /* HomeCoordinator.swift */,
			);
			path = Coordinator;
			sourceTree = "<group>";
		};
		F29ED2EC2855D789002371FD /* Protocol */ = {
			isa = PBXGroup;
			children = (
				F29ED2F52855D863002371FD /* HomeCoordinatorProtocol.swift */,
			);
			path = Protocol;
			sourceTree = "<group>";
		};
		F29ED2ED2855D78F002371FD /* Protocol */ = {
			isa = PBXGroup;
			children = (
				F29ED2EE2855D79F002371FD /* MapCoordinatorProtocol.swift */,
			);
			path = Protocol;
			sourceTree = "<group>";
		};
		F29ED2F22855D7F7002371FD /* Protocol */ = {
			isa = PBXGroup;
			children = (
				F29ED2F32855D800002371FD /* SettingCoordinatorProtocol.swift */,
			);
			path = Protocol;
			sourceTree = "<group>";
		};
		F29ED2F72855D8DC002371FD /* ArchiveScene */ = {
			isa = PBXGroup;
			children = (
				F29ED31C2855DBFD002371FD /* ViewModel */,
				F29ED3192855DBF3002371FD /* View */,
				F29ED3152855DBD3002371FD /* Viewcontroller */,
				F29ED2F82855D934002371FD /* Coordinator */,
			);
			path = ArchiveScene;
			sourceTree = "<group>";
		};
		F29ED2F82855D934002371FD /* Coordinator */ = {
			isa = PBXGroup;
			children = (
				F29ED2FB2855D948002371FD /* Protocol */,
				F29ED2F92855D945002371FD /* ArchiveCoordinator.swift */,
			);
			path = Coordinator;
			sourceTree = "<group>";
		};
		F29ED2FB2855D948002371FD /* Protocol */ = {
			isa = PBXGroup;
			children = (
				F29ED2FC2855D954002371FD /* ArchiveCoordinatorProtocol.swift */,
			);
			path = Protocol;
			sourceTree = "<group>";
		};
		F29ED2FE2855DB49002371FD /* ViewController */ = {
			isa = PBXGroup;
			children = (
				F29ED2FF2855DB5B002371FD /* HomeViewController.swift */,
			);
			path = ViewController;
			sourceTree = "<group>";
		};
		F29ED3012855DB66002371FD /* ViewController */ = {
			isa = PBXGroup;
			children = (
				F29ED3022855DB71002371FD /* MapViewController.swift */,
			);
			path = ViewController;
			sourceTree = "<group>";
		};
		F29ED3042855DB74002371FD /* ViewModel */ = {
			isa = PBXGroup;
			children = (
				F29ED3052855DB7F002371FD /* MapViewModel.swift */,
			);
			path = ViewModel;
			sourceTree = "<group>";
		};
		F29ED30B2855DB9D002371FD /* ViewModel */ = {
			isa = PBXGroup;
			children = (
				F29ED3092855DB99002371FD /* HomeViewModel.swift */,
			);
			path = ViewModel;
			sourceTree = "<group>";
		};
		F29ED30C2855DBAA002371FD /* View */ = {
			isa = PBXGroup;
			children = (
				F29ED30D2855DBB2002371FD /* Home.storyboard */,
			);
			path = View;
			sourceTree = "<group>";
		};
		F29ED30F2855DBBB002371FD /* View */ = {
			isa = PBXGroup;
			children = (
				F29ED3102855DBC3002371FD /* Setting.storyboard */,
			);
			path = View;
			sourceTree = "<group>";
		};
		F29ED3122855DBC6002371FD /* View */ = {
			isa = PBXGroup;
			children = (
				F29ED3132855DBCE002371FD /* Map.storyboard */,
			);
			path = View;
			sourceTree = "<group>";
		};
		F29ED3152855DBD3002371FD /* Viewcontroller */ = {
			isa = PBXGroup;
			children = (
				F29ED3172855DBF1002371FD /* ArchiveViewController.swift */,
				F29ED33328561D2A002371FD /* AddArchiveViewController.swift */,
				F29ED33528561DC0002371FD /* AddLocationViewController.swift */,
			);
			path = Viewcontroller;
			sourceTree = "<group>";
		};
		F29ED3192855DBF3002371FD /* View */ = {
			isa = PBXGroup;
			children = (
				F29ED31A2855DBFA002371FD /* Archive.storyboard */,
			);
			path = View;
			sourceTree = "<group>";
		};
		F29ED31C2855DBFD002371FD /* ViewModel */ = {
			isa = PBXGroup;
			children = (
				F29ED31D2855DC07002371FD /* ArchiveViewModel.swift */,
			);
			path = ViewModel;
			sourceTree = "<group>";
		};
		F2A412CB2849EFD700E04BF5 = {
			isa = PBXGroup;
			children = (
				F2A412D62849EFD700E04BF5 /* Waffle */,
				F2A412ED2849EFD900E04BF5 /* WaffleTests */,
				F2A412F72849EFD900E04BF5 /* WaffleUITests */,
				F2A412D52849EFD700E04BF5 /* Products */,
				EDA61873935AB7625B636134 /* Pods */,
				07CFBAE34DEF76E1075B37B1 /* Frameworks */,
			);
			sourceTree = "<group>";
		};
		F2A412D52849EFD700E04BF5 /* Products */ = {
			isa = PBXGroup;
			children = (
				F2A412D42849EFD700E04BF5 /* Waffle.app */,
				F2A412EA2849EFD900E04BF5 /* WaffleTests.xctest */,
				F2A412F42849EFD900E04BF5 /* WaffleUITests.xctest */,
			);
			name = Products;
			sourceTree = "<group>";
		};
		F2A412D62849EFD700E04BF5 /* Waffle */ = {
			isa = PBXGroup;
			children = (
				F21972CC284B8C1B0086E56B /* Utils */,
				F21972C9284B8BC60086E56B /* Resources */,
				F21972C1284B8AE80086E56B /* Application */,
				F21972C8284B8BAF0086E56B /* Data */,
				F21972C4284B8B770086E56B /* Domain */,
				F21972BF284B8AC50086E56B /* Presentation */,
				F2125D40284E550B008E1185 /* Services */,
				F2A412DB2849EFD700E04BF5 /* ViewController.swift */,
				F2A412DD2849EFD700E04BF5 /* Main.storyboard */,
				F2A412E22849EFD900E04BF5 /* LaunchScreen.storyboard */,
				F2A412E52849EFD900E04BF5 /* Info.plist */,
			);
			path = Waffle;
			sourceTree = "<group>";
		};
		F2A412ED2849EFD900E04BF5 /* WaffleTests */ = {
			isa = PBXGroup;
			children = (
				F2A412EE2849EFD900E04BF5 /* WaffleTests.swift */,
			);
			path = WaffleTests;
			sourceTree = "<group>";
		};
		F2A412F72849EFD900E04BF5 /* WaffleUITests */ = {
			isa = PBXGroup;
			children = (
				F2A412F82849EFD900E04BF5 /* WaffleUITests.swift */,
				F2A412FA2849EFD900E04BF5 /* WaffleUITestsLaunchTests.swift */,
			);
			path = WaffleUITests;
			sourceTree = "<group>";
		};
/* End PBXGroup section */

/* Begin PBXNativeTarget section */
		F2A412D32849EFD700E04BF5 /* Waffle */ = {
			isa = PBXNativeTarget;
			buildConfigurationList = F2A412FE2849EFD900E04BF5 /* Build configuration list for PBXNativeTarget "Waffle" */;
			buildPhases = (
				2989E6AC08B122C274689663 /* [CP] Check Pods Manifest.lock */,
				F2A412D02849EFD700E04BF5 /* Sources */,
				F2A412D12849EFD700E04BF5 /* Frameworks */,
				F2A412D22849EFD700E04BF5 /* Resources */,
				02E5A11EB8FB3D7A64F13EFA /* [CP] Embed Pods Frameworks */,
				F2125D08284DF5F3008E1185 /* ShellScript */,
			);
			buildRules = (
			);
			dependencies = (
			);
			name = Waffle;
			productName = Waffle;
			productReference = F2A412D42849EFD700E04BF5 /* Waffle.app */;
			productType = "com.apple.product-type.application";
		};
		F2A412E92849EFD900E04BF5 /* WaffleTests */ = {
			isa = PBXNativeTarget;
			buildConfigurationList = F2A413012849EFD900E04BF5 /* Build configuration list for PBXNativeTarget "WaffleTests" */;
			buildPhases = (
				A0CF89B2CF0EAE69A9B53FC8 /* [CP] Check Pods Manifest.lock */,
				F2A412E62849EFD900E04BF5 /* Sources */,
				F2A412E72849EFD900E04BF5 /* Frameworks */,
				F2A412E82849EFD900E04BF5 /* Resources */,
			);
			buildRules = (
			);
			dependencies = (
				F2A412EC2849EFD900E04BF5 /* PBXTargetDependency */,
			);
			name = WaffleTests;
			productName = WaffleTests;
			productReference = F2A412EA2849EFD900E04BF5 /* WaffleTests.xctest */;
			productType = "com.apple.product-type.bundle.unit-test";
		};
		F2A412F32849EFD900E04BF5 /* WaffleUITests */ = {
			isa = PBXNativeTarget;
			buildConfigurationList = F2A413042849EFD900E04BF5 /* Build configuration list for PBXNativeTarget "WaffleUITests" */;
			buildPhases = (
				D0613AD70E644889FF7E08F0 /* [CP] Check Pods Manifest.lock */,
				F2A412F02849EFD900E04BF5 /* Sources */,
				F2A412F12849EFD900E04BF5 /* Frameworks */,
				F2A412F22849EFD900E04BF5 /* Resources */,
				FC50F52D2FD55B6ADF556775 /* [CP] Embed Pods Frameworks */,
			);
			buildRules = (
			);
			dependencies = (
				F2A412F62849EFD900E04BF5 /* PBXTargetDependency */,
			);
			name = WaffleUITests;
			productName = WaffleUITests;
			productReference = F2A412F42849EFD900E04BF5 /* WaffleUITests.xctest */;
			productType = "com.apple.product-type.bundle.ui-testing";
		};
/* End PBXNativeTarget section */

/* Begin PBXProject section */
		F2A412CC2849EFD700E04BF5 /* Project object */ = {
			isa = PBXProject;
			attributes = {
				BuildIndependentTargetsInParallel = 1;
				LastSwiftUpdateCheck = 1340;
				LastUpgradeCheck = 1340;
				TargetAttributes = {
					F2A412D32849EFD700E04BF5 = {
						CreatedOnToolsVersion = 13.4;
					};
					F2A412E92849EFD900E04BF5 = {
						CreatedOnToolsVersion = 13.4;
						TestTargetID = F2A412D32849EFD700E04BF5;
					};
					F2A412F32849EFD900E04BF5 = {
						CreatedOnToolsVersion = 13.4;
						TestTargetID = F2A412D32849EFD700E04BF5;
					};
				};
			};
			buildConfigurationList = F2A412CF2849EFD700E04BF5 /* Build configuration list for PBXProject "Waffle" */;
			compatibilityVersion = "Xcode 13.0";
			developmentRegion = en;
			hasScannedForEncodings = 0;
			knownRegions = (
				en,
				Base,
			);
			mainGroup = F2A412CB2849EFD700E04BF5;
			productRefGroup = F2A412D52849EFD700E04BF5 /* Products */;
			projectDirPath = "";
			projectRoot = "";
			targets = (
				F2A412D32849EFD700E04BF5 /* Waffle */,
				F2A412E92849EFD900E04BF5 /* WaffleTests */,
				F2A412F32849EFD900E04BF5 /* WaffleUITests */,
			);
		};
/* End PBXProject section */

/* Begin PBXResourcesBuildPhase section */
		F2A412D22849EFD700E04BF5 /* Resources */ = {
			isa = PBXResourcesBuildPhase;
			buildActionMask = 2147483647;
			files = (
				F29ED30E2855DBB2002371FD /* Home.storyboard in Resources */,
				F2A412E42849EFD900E04BF5 /* LaunchScreen.storyboard in Resources */,
				F29ED3142855DBCE002371FD /* Map.storyboard in Resources */,
				F2A412E12849EFD900E04BF5 /* Assets.xcassets in Resources */,
				F2125D51284E60FD008E1185 /* SignUp.storyboard in Resources */,
				F29ED31B2855DBFA002371FD /* Archive.storyboard in Resources */,
				F21972CB284B8BF80086E56B /* Colors.xcassets in Resources */,
				F2125D0A284DFC25008E1185 /* Login.storyboard in Resources */,
				F2A412DF2849EFD700E04BF5 /* Main.storyboard in Resources */,
				F29ED3112855DBC3002371FD /* Setting.storyboard in Resources */,
			);
			runOnlyForDeploymentPostprocessing = 0;
		};
		F2A412E82849EFD900E04BF5 /* Resources */ = {
			isa = PBXResourcesBuildPhase;
			buildActionMask = 2147483647;
			files = (
			);
			runOnlyForDeploymentPostprocessing = 0;
		};
		F2A412F22849EFD900E04BF5 /* Resources */ = {
			isa = PBXResourcesBuildPhase;
			buildActionMask = 2147483647;
			files = (
			);
			runOnlyForDeploymentPostprocessing = 0;
		};
/* End PBXResourcesBuildPhase section */

/* Begin PBXShellScriptBuildPhase section */
		02E5A11EB8FB3D7A64F13EFA /* [CP] Embed Pods Frameworks */ = {
			isa = PBXShellScriptBuildPhase;
			buildActionMask = 2147483647;
			files = (
			);
			inputFileListPaths = (
				"${PODS_ROOT}/Target Support Files/Pods-Waffle/Pods-Waffle-frameworks-${CONFIGURATION}-input-files.xcfilelist",
			);
			name = "[CP] Embed Pods Frameworks";
			outputFileListPaths = (
				"${PODS_ROOT}/Target Support Files/Pods-Waffle/Pods-Waffle-frameworks-${CONFIGURATION}-output-files.xcfilelist",
			);
			runOnlyForDeploymentPostprocessing = 0;
			shellPath = /bin/sh;
			shellScript = "\"${PODS_ROOT}/Target Support Files/Pods-Waffle/Pods-Waffle-frameworks.sh\"\n";
			showEnvVarsInLog = 0;
		};
		2989E6AC08B122C274689663 /* [CP] Check Pods Manifest.lock */ = {
			isa = PBXShellScriptBuildPhase;
			buildActionMask = 2147483647;
			files = (
			);
			inputFileListPaths = (
			);
			inputPaths = (
				"${PODS_PODFILE_DIR_PATH}/Podfile.lock",
				"${PODS_ROOT}/Manifest.lock",
			);
			name = "[CP] Check Pods Manifest.lock";
			outputFileListPaths = (
			);
			outputPaths = (
				"$(DERIVED_FILE_DIR)/Pods-Waffle-checkManifestLockResult.txt",
			);
			runOnlyForDeploymentPostprocessing = 0;
			shellPath = /bin/sh;
			shellScript = "diff \"${PODS_PODFILE_DIR_PATH}/Podfile.lock\" \"${PODS_ROOT}/Manifest.lock\" > /dev/null\nif [ $? != 0 ] ; then\n    # print error to STDERR\n    echo \"error: The sandbox is not in sync with the Podfile.lock. Run 'pod install' or update your CocoaPods installation.\" >&2\n    exit 1\nfi\n# This output is used by Xcode 'outputs' to avoid re-running this script phase.\necho \"SUCCESS\" > \"${SCRIPT_OUTPUT_FILE_0}\"\n";
			showEnvVarsInLog = 0;
		};
		A0CF89B2CF0EAE69A9B53FC8 /* [CP] Check Pods Manifest.lock */ = {
			isa = PBXShellScriptBuildPhase;
			buildActionMask = 2147483647;
			files = (
			);
			inputFileListPaths = (
			);
			inputPaths = (
				"${PODS_PODFILE_DIR_PATH}/Podfile.lock",
				"${PODS_ROOT}/Manifest.lock",
			);
			name = "[CP] Check Pods Manifest.lock";
			outputFileListPaths = (
			);
			outputPaths = (
				"$(DERIVED_FILE_DIR)/Pods-WaffleTests-checkManifestLockResult.txt",
			);
			runOnlyForDeploymentPostprocessing = 0;
			shellPath = /bin/sh;
			shellScript = "diff \"${PODS_PODFILE_DIR_PATH}/Podfile.lock\" \"${PODS_ROOT}/Manifest.lock\" > /dev/null\nif [ $? != 0 ] ; then\n    # print error to STDERR\n    echo \"error: The sandbox is not in sync with the Podfile.lock. Run 'pod install' or update your CocoaPods installation.\" >&2\n    exit 1\nfi\n# This output is used by Xcode 'outputs' to avoid re-running this script phase.\necho \"SUCCESS\" > \"${SCRIPT_OUTPUT_FILE_0}\"\n";
			showEnvVarsInLog = 0;
		};
		D0613AD70E644889FF7E08F0 /* [CP] Check Pods Manifest.lock */ = {
			isa = PBXShellScriptBuildPhase;
			buildActionMask = 2147483647;
			files = (
			);
			inputFileListPaths = (
			);
			inputPaths = (
				"${PODS_PODFILE_DIR_PATH}/Podfile.lock",
				"${PODS_ROOT}/Manifest.lock",
			);
			name = "[CP] Check Pods Manifest.lock";
			outputFileListPaths = (
			);
			outputPaths = (
				"$(DERIVED_FILE_DIR)/Pods-Waffle-WaffleUITests-checkManifestLockResult.txt",
			);
			runOnlyForDeploymentPostprocessing = 0;
			shellPath = /bin/sh;
			shellScript = "diff \"${PODS_PODFILE_DIR_PATH}/Podfile.lock\" \"${PODS_ROOT}/Manifest.lock\" > /dev/null\nif [ $? != 0 ] ; then\n    # print error to STDERR\n    echo \"error: The sandbox is not in sync with the Podfile.lock. Run 'pod install' or update your CocoaPods installation.\" >&2\n    exit 1\nfi\n# This output is used by Xcode 'outputs' to avoid re-running this script phase.\necho \"SUCCESS\" > \"${SCRIPT_OUTPUT_FILE_0}\"\n";
			showEnvVarsInLog = 0;
		};
		F2125D08284DF5F3008E1185 /* ShellScript */ = {
			isa = PBXShellScriptBuildPhase;
			buildActionMask = 2147483647;
			files = (
			);
			inputFileListPaths = (
			);
			inputPaths = (
			);
			outputFileListPaths = (
			);
			outputPaths = (
			);
			runOnlyForDeploymentPostprocessing = 0;
			shellPath = /bin/sh;
			shellScript = "# Type a script or drag a script file from your workspace to insert its path.\n";
		};
		FC50F52D2FD55B6ADF556775 /* [CP] Embed Pods Frameworks */ = {
			isa = PBXShellScriptBuildPhase;
			buildActionMask = 2147483647;
			files = (
			);
			inputFileListPaths = (
				"${PODS_ROOT}/Target Support Files/Pods-Waffle-WaffleUITests/Pods-Waffle-WaffleUITests-frameworks-${CONFIGURATION}-input-files.xcfilelist",
			);
			name = "[CP] Embed Pods Frameworks";
			outputFileListPaths = (
				"${PODS_ROOT}/Target Support Files/Pods-Waffle-WaffleUITests/Pods-Waffle-WaffleUITests-frameworks-${CONFIGURATION}-output-files.xcfilelist",
			);
			runOnlyForDeploymentPostprocessing = 0;
			shellPath = /bin/sh;
			shellScript = "\"${PODS_ROOT}/Target Support Files/Pods-Waffle-WaffleUITests/Pods-Waffle-WaffleUITests-frameworks.sh\"\n";
			showEnvVarsInLog = 0;
		};
/* End PBXShellScriptBuildPhase section */

/* Begin PBXSourcesBuildPhase section */
		F2A412D02849EFD700E04BF5 /* Sources */ = {
			isa = PBXSourcesBuildPhase;
			buildActionMask = 2147483647;
			files = (
				F232433C2855095600742362 /* SetProfileImageViewModel.swift in Sources */,
				F2125D5D284F45A4008E1185 /* Assets.swift in Sources */,
				F29ED3322856089B002371FD /* QuitPopUpViewController.swift in Sources */,
				F2125D21284E1379008E1185 /* AppCoordinator.swift in Sources */,
				F2125D37284E52A8008E1185 /* LoginSignUseCaseProtocol.swift in Sources */,
				F2125D2B284E19AD008E1185 /* TapBarPage.swift in Sources */,
				F2125D2D284E1D62008E1185 /* TabBarCoordinator.swift in Sources */,
				F2125D59284F43D2008E1185 /* SettingTableViewCell.swift in Sources */,
				F2125D4E284E60E5008E1185 /* SignUpViewController.swift in Sources */,
				F2125D44284E5686008E1185 /* URLSessionNetworkServiceProtocol.swift in Sources */,
				F29ED3032855DB71002371FD /* MapViewController.swift in Sources */,
				F21972C3284B8B3F0086E56B /* AppCoordinatorProtocol.swift in Sources */,
				F2125D2F284E2752008E1185 /* Config.swift in Sources */,
				F29ED3002855DB5B002371FD /* HomeViewController.swift in Sources */,
				F29ED31E2855DC07002371FD /* ArchiveViewModel.swift in Sources */,
				F20551A128549D320051E94D /* UIFont.swift in Sources */,
				F2125D23284E15CA008E1185 /* CoordinatorType.swift in Sources */,
				F29ED33628561DC0002371FD /* AddLocationViewController.swift in Sources */,
				F2A412DC2849EFD700E04BF5 /* ViewController.swift in Sources */,
				F2125D5F2850EF45008E1185 /* FindPWViewController.swift in Sources */,
				F2125D1E284E10B8008E1185 /* LoginCoordinator.swift in Sources */,
				F29ED2F62855D863002371FD /* HomeCoordinatorProtocol.swift in Sources */,
				F232433E2855B64E00742362 /* UIImageView.swift in Sources */,
				F2D1C54E2852371100D88347 /* UITextField.swift in Sources */,
				F29ED2EB2855D76B002371FD /* MapCoordinator.swift in Sources */,
				F29ED3202855E840002371FD /* EditSettingViewController.swift in Sources */,
				F20551A32854A74E0051E94D /* TermsViewController.swift in Sources */,
				F2125D612850FFD3008E1185 /* UIViewController.swift in Sources */,
				F2125D0E284DFDD5008E1185 /* LoginViewModel.swift in Sources */,
				F29ED32C2855F1D5002371FD /* EditSettingViewModel.swift in Sources */,
				F29ED2E82855D75B002371FD /* HomeCoordinator.swift in Sources */,
				F2125D46284E56E8008E1185 /* URLSessionNetworkService.swift in Sources */,
				F2125D29284E1922008E1185 /* TabBarCoordinatorProtocol.swift in Sources */,
				F2125D53284E613B008E1185 /* SignUpViewModel.swift in Sources */,
				F29ED3262855EE1E002371FD /* UserUseCaseProtocol.swift in Sources */,
				F2A412D82849EFD700E04BF5 /* AppDelegate.swift in Sources */,
				F29ED3082855DB8C002371FD /* SettingViewModel.swift in Sources */,
				F2125D26284E16FE008E1185 /* CoordinatorFinishDelegate.swift in Sources */,
				F29ED2FA2855D945002371FD /* ArchiveCoordinator.swift in Sources */,
				F29ED3222855E84A002371FD /* ChangePWViewController.swift in Sources */,
				F2125D14284E0E88008E1185 /* UserDefaultKey.swift in Sources */,
				F29ED3282855EF97002371FD /* UserRepository.swift in Sources */,
				F29ED3242855EE0D002371FD /* UserUseCase.swift in Sources */,
				F29ED32A2855EFB6002371FD /* UserRepositoryProtocol.swift in Sources */,
				F29ED3302856088D002371FD /* LogoutPopUpViewController.swift in Sources */,
				F23243402855B73300742362 /* ProfileImageCollectionViewCell.swift in Sources */,
				F29ED2F12855D7F3002371FD /* SettingCoordinator.swift in Sources */,
				F2125D0C284DFC67008E1185 /* LoginViewController.swift in Sources */,
				F29ED2FD2855D954002371FD /* ArchiveCoordinatorProtocol.swift in Sources */,
				F2125D57284F40E2008E1185 /* SettingViewController.swift in Sources */,
				F2125D3B284E5373008E1185 /* LoginSignRepositoryProtocol.swift in Sources */,
				F2764BE428524A000022D41E /* SignUpCoordinator.swift in Sources */,
				F205519F28546AD30051E94D /* FindPWViewModel.swift in Sources */,
				F29ED2EF2855D79F002371FD /* MapCoordinatorProtocol.swift in Sources */,
				F2125D55284E635C008E1185 /*  UINavigationItem.swift in Sources */,
				F2125D1C284E1046008E1185 /* LoginCoordinatorProtocol.swift in Sources */,
				F2764BE628524A0E0022D41E /* SignUpCoordinatorProtocol.swift in Sources */,
				F2125D3D284E53AB008E1185 /* LoginSignRepository.swift in Sources */,
				F29ED32E2855F245002371FD /* ChangePWViewModel.swift in Sources */,
				F2125D42284E5560008E1185 /* NetworkRequestBuilder.swift in Sources */,
				F2A412DA2849EFD700E04BF5 /* SceneDelegate.swift in Sources */,
				F2125D11284E0C3D008E1185 /* Coordinator.swift in Sources */,
				F20551A52854A75A0051E94D /* SetProfileImageViewController.swift in Sources */,
				F29ED30A2855DB99002371FD /* HomeViewModel.swift in Sources */,
				F2125D35284E5270008E1185 /* LoginSignUseCase.swift in Sources */,
				F29ED2F42855D800002371FD /* SettingCoordinatorProtocol.swift in Sources */,
				F29ED33428561D2A002371FD /* AddArchiveViewController.swift in Sources */,
				F205519D285458F80051E94D /* UIButton.swift in Sources */,
				F29ED3182855DBF1002371FD /* ArchiveViewController.swift in Sources */,
				F29ED3062855DB7F002371FD /* MapViewModel.swift in Sources */,
			);
			runOnlyForDeploymentPostprocessing = 0;
		};
		F2A412E62849EFD900E04BF5 /* Sources */ = {
			isa = PBXSourcesBuildPhase;
			buildActionMask = 2147483647;
			files = (
				F2A412EF2849EFD900E04BF5 /* WaffleTests.swift in Sources */,
			);
			runOnlyForDeploymentPostprocessing = 0;
		};
		F2A412F02849EFD900E04BF5 /* Sources */ = {
			isa = PBXSourcesBuildPhase;
			buildActionMask = 2147483647;
			files = (
				F2A412F92849EFD900E04BF5 /* WaffleUITests.swift in Sources */,
				F2A412FB2849EFD900E04BF5 /* WaffleUITestsLaunchTests.swift in Sources */,
			);
			runOnlyForDeploymentPostprocessing = 0;
		};
/* End PBXSourcesBuildPhase section */

/* Begin PBXTargetDependency section */
		F2A412EC2849EFD900E04BF5 /* PBXTargetDependency */ = {
			isa = PBXTargetDependency;
			target = F2A412D32849EFD700E04BF5 /* Waffle */;
			targetProxy = F2A412EB2849EFD900E04BF5 /* PBXContainerItemProxy */;
		};
		F2A412F62849EFD900E04BF5 /* PBXTargetDependency */ = {
			isa = PBXTargetDependency;
			target = F2A412D32849EFD700E04BF5 /* Waffle */;
			targetProxy = F2A412F52849EFD900E04BF5 /* PBXContainerItemProxy */;
		};
/* End PBXTargetDependency section */

/* Begin PBXVariantGroup section */
		F2A412DD2849EFD700E04BF5 /* Main.storyboard */ = {
			isa = PBXVariantGroup;
			children = (
				F2A412DE2849EFD700E04BF5 /* Base */,
			);
			name = Main.storyboard;
			sourceTree = "<group>";
		};
		F2A412E22849EFD900E04BF5 /* LaunchScreen.storyboard */ = {
			isa = PBXVariantGroup;
			children = (
				F2A412E32849EFD900E04BF5 /* Base */,
			);
			name = LaunchScreen.storyboard;
			sourceTree = "<group>";
		};
/* End PBXVariantGroup section */

/* Begin XCBuildConfiguration section */
		F2A412FC2849EFD900E04BF5 /* Debug */ = {
			isa = XCBuildConfiguration;
			buildSettings = {
				ALWAYS_SEARCH_USER_PATHS = NO;
				CLANG_ANALYZER_NONNULL = YES;
				CLANG_ANALYZER_NUMBER_OBJECT_CONVERSION = YES_AGGRESSIVE;
				CLANG_CXX_LANGUAGE_STANDARD = "gnu++17";
				CLANG_ENABLE_MODULES = YES;
				CLANG_ENABLE_OBJC_ARC = YES;
				CLANG_ENABLE_OBJC_WEAK = YES;
				CLANG_WARN_BLOCK_CAPTURE_AUTORELEASING = YES;
				CLANG_WARN_BOOL_CONVERSION = YES;
				CLANG_WARN_COMMA = YES;
				CLANG_WARN_CONSTANT_CONVERSION = YES;
				CLANG_WARN_DEPRECATED_OBJC_IMPLEMENTATIONS = YES;
				CLANG_WARN_DIRECT_OBJC_ISA_USAGE = YES_ERROR;
				CLANG_WARN_DOCUMENTATION_COMMENTS = YES;
				CLANG_WARN_EMPTY_BODY = YES;
				CLANG_WARN_ENUM_CONVERSION = YES;
				CLANG_WARN_INFINITE_RECURSION = YES;
				CLANG_WARN_INT_CONVERSION = YES;
				CLANG_WARN_NON_LITERAL_NULL_CONVERSION = YES;
				CLANG_WARN_OBJC_IMPLICIT_RETAIN_SELF = YES;
				CLANG_WARN_OBJC_LITERAL_CONVERSION = YES;
				CLANG_WARN_OBJC_ROOT_CLASS = YES_ERROR;
				CLANG_WARN_QUOTED_INCLUDE_IN_FRAMEWORK_HEADER = YES;
				CLANG_WARN_RANGE_LOOP_ANALYSIS = YES;
				CLANG_WARN_STRICT_PROTOTYPES = YES;
				CLANG_WARN_SUSPICIOUS_MOVE = YES;
				CLANG_WARN_UNGUARDED_AVAILABILITY = YES_AGGRESSIVE;
				CLANG_WARN_UNREACHABLE_CODE = YES;
				CLANG_WARN__DUPLICATE_METHOD_MATCH = YES;
				COPY_PHASE_STRIP = NO;
				DEBUG_INFORMATION_FORMAT = dwarf;
				ENABLE_STRICT_OBJC_MSGSEND = YES;
				ENABLE_TESTABILITY = YES;
				GCC_C_LANGUAGE_STANDARD = gnu11;
				GCC_DYNAMIC_NO_PIC = NO;
				GCC_NO_COMMON_BLOCKS = YES;
				GCC_OPTIMIZATION_LEVEL = 0;
				GCC_PREPROCESSOR_DEFINITIONS = (
					"DEBUG=1",
					"$(inherited)",
				);
				GCC_WARN_64_TO_32_BIT_CONVERSION = YES;
				GCC_WARN_ABOUT_RETURN_TYPE = YES_ERROR;
				GCC_WARN_UNDECLARED_SELECTOR = YES;
				GCC_WARN_UNINITIALIZED_AUTOS = YES_AGGRESSIVE;
				GCC_WARN_UNUSED_FUNCTION = YES;
				GCC_WARN_UNUSED_VARIABLE = YES;
				IPHONEOS_DEPLOYMENT_TARGET = 15.0;
				MTL_ENABLE_DEBUG_INFO = INCLUDE_SOURCE;
				MTL_FAST_MATH = YES;
				ONLY_ACTIVE_ARCH = YES;
				SDKROOT = iphoneos;
				SWIFT_ACTIVE_COMPILATION_CONDITIONS = DEBUG;
				SWIFT_OPTIMIZATION_LEVEL = "-Onone";
			};
			name = Debug;
		};
		F2A412FD2849EFD900E04BF5 /* Release */ = {
			isa = XCBuildConfiguration;
			buildSettings = {
				ALWAYS_SEARCH_USER_PATHS = NO;
				CLANG_ANALYZER_NONNULL = YES;
				CLANG_ANALYZER_NUMBER_OBJECT_CONVERSION = YES_AGGRESSIVE;
				CLANG_CXX_LANGUAGE_STANDARD = "gnu++17";
				CLANG_ENABLE_MODULES = YES;
				CLANG_ENABLE_OBJC_ARC = YES;
				CLANG_ENABLE_OBJC_WEAK = YES;
				CLANG_WARN_BLOCK_CAPTURE_AUTORELEASING = YES;
				CLANG_WARN_BOOL_CONVERSION = YES;
				CLANG_WARN_COMMA = YES;
				CLANG_WARN_CONSTANT_CONVERSION = YES;
				CLANG_WARN_DEPRECATED_OBJC_IMPLEMENTATIONS = YES;
				CLANG_WARN_DIRECT_OBJC_ISA_USAGE = YES_ERROR;
				CLANG_WARN_DOCUMENTATION_COMMENTS = YES;
				CLANG_WARN_EMPTY_BODY = YES;
				CLANG_WARN_ENUM_CONVERSION = YES;
				CLANG_WARN_INFINITE_RECURSION = YES;
				CLANG_WARN_INT_CONVERSION = YES;
				CLANG_WARN_NON_LITERAL_NULL_CONVERSION = YES;
				CLANG_WARN_OBJC_IMPLICIT_RETAIN_SELF = YES;
				CLANG_WARN_OBJC_LITERAL_CONVERSION = YES;
				CLANG_WARN_OBJC_ROOT_CLASS = YES_ERROR;
				CLANG_WARN_QUOTED_INCLUDE_IN_FRAMEWORK_HEADER = YES;
				CLANG_WARN_RANGE_LOOP_ANALYSIS = YES;
				CLANG_WARN_STRICT_PROTOTYPES = YES;
				CLANG_WARN_SUSPICIOUS_MOVE = YES;
				CLANG_WARN_UNGUARDED_AVAILABILITY = YES_AGGRESSIVE;
				CLANG_WARN_UNREACHABLE_CODE = YES;
				CLANG_WARN__DUPLICATE_METHOD_MATCH = YES;
				COPY_PHASE_STRIP = NO;
				DEBUG_INFORMATION_FORMAT = "dwarf-with-dsym";
				ENABLE_NS_ASSERTIONS = NO;
				ENABLE_STRICT_OBJC_MSGSEND = YES;
				GCC_C_LANGUAGE_STANDARD = gnu11;
				GCC_NO_COMMON_BLOCKS = YES;
				GCC_WARN_64_TO_32_BIT_CONVERSION = YES;
				GCC_WARN_ABOUT_RETURN_TYPE = YES_ERROR;
				GCC_WARN_UNDECLARED_SELECTOR = YES;
				GCC_WARN_UNINITIALIZED_AUTOS = YES_AGGRESSIVE;
				GCC_WARN_UNUSED_FUNCTION = YES;
				GCC_WARN_UNUSED_VARIABLE = YES;
				IPHONEOS_DEPLOYMENT_TARGET = 15.0;
				MTL_ENABLE_DEBUG_INFO = NO;
				MTL_FAST_MATH = YES;
				SDKROOT = iphoneos;
				SWIFT_COMPILATION_MODE = wholemodule;
				SWIFT_OPTIMIZATION_LEVEL = "-O";
				VALIDATE_PRODUCT = YES;
			};
			name = Release;
		};
		F2A412FF2849EFD900E04BF5 /* Debug */ = {
			isa = XCBuildConfiguration;
			baseConfigurationReference = FAC761AD9514C9B3C2A0D338 /* Pods-Waffle.debug.xcconfig */;
			buildSettings = {
				ASSETCATALOG_COMPILER_APPICON_NAME = AppIcon;
				ASSETCATALOG_COMPILER_GLOBAL_ACCENT_COLOR_NAME = AccentColor;
				CODE_SIGN_STYLE = Automatic;
				CURRENT_PROJECT_VERSION = 1;
				DEVELOPMENT_TEAM = FJ57DUH592;
				GENERATE_INFOPLIST_FILE = YES;
				INFOPLIST_FILE = Waffle/Info.plist;
				INFOPLIST_KEY_UIApplicationSupportsIndirectInputEvents = YES;
				INFOPLIST_KEY_UILaunchStoryboardName = LaunchScreen;
				INFOPLIST_KEY_UIMainStoryboardFile = Main;
				INFOPLIST_KEY_UISupportedInterfaceOrientations_iPad = "UIInterfaceOrientationPortrait UIInterfaceOrientationPortraitUpsideDown UIInterfaceOrientationLandscapeLeft UIInterfaceOrientationLandscapeRight";
				INFOPLIST_KEY_UISupportedInterfaceOrientations_iPhone = "UIInterfaceOrientationPortrait UIInterfaceOrientationLandscapeLeft UIInterfaceOrientationLandscapeRight";
				LD_RUNPATH_SEARCH_PATHS = (
					"$(inherited)",
					"@executable_path/Frameworks",
				);
				MARKETING_VERSION = 1.0;
				PRODUCT_BUNDLE_IDENTIFIER = Develop.Waffle.com;
				PRODUCT_NAME = "$(TARGET_NAME)";
				SWIFT_EMIT_LOC_STRINGS = YES;
				SWIFT_VERSION = 5.0;
				TARGETED_DEVICE_FAMILY = "1,2";
			};
			name = Debug;
		};
		F2A413002849EFD900E04BF5 /* Release */ = {
			isa = XCBuildConfiguration;
			baseConfigurationReference = 65008EAE910B592BFD3F1DD7 /* Pods-Waffle.release.xcconfig */;
			buildSettings = {
				ASSETCATALOG_COMPILER_APPICON_NAME = AppIcon;
				ASSETCATALOG_COMPILER_GLOBAL_ACCENT_COLOR_NAME = AccentColor;
				CODE_SIGN_STYLE = Automatic;
				CURRENT_PROJECT_VERSION = 1;
				DEVELOPMENT_TEAM = FJ57DUH592;
				GENERATE_INFOPLIST_FILE = YES;
				INFOPLIST_FILE = Waffle/Info.plist;
				INFOPLIST_KEY_UIApplicationSupportsIndirectInputEvents = YES;
				INFOPLIST_KEY_UILaunchStoryboardName = LaunchScreen;
				INFOPLIST_KEY_UIMainStoryboardFile = Main;
				INFOPLIST_KEY_UISupportedInterfaceOrientations_iPad = "UIInterfaceOrientationPortrait UIInterfaceOrientationPortraitUpsideDown UIInterfaceOrientationLandscapeLeft UIInterfaceOrientationLandscapeRight";
				INFOPLIST_KEY_UISupportedInterfaceOrientations_iPhone = "UIInterfaceOrientationPortrait UIInterfaceOrientationLandscapeLeft UIInterfaceOrientationLandscapeRight";
				LD_RUNPATH_SEARCH_PATHS = (
					"$(inherited)",
					"@executable_path/Frameworks",
				);
				MARKETING_VERSION = 1.0;
				PRODUCT_BUNDLE_IDENTIFIER = Develop.Waffle.com;
				PRODUCT_NAME = "$(TARGET_NAME)";
				SWIFT_EMIT_LOC_STRINGS = YES;
				SWIFT_VERSION = 5.0;
				TARGETED_DEVICE_FAMILY = "1,2";
			};
			name = Release;
		};
		F2A413022849EFD900E04BF5 /* Debug */ = {
			isa = XCBuildConfiguration;
			baseConfigurationReference = 56584A54E1159B7F75006EB4 /* Pods-WaffleTests.debug.xcconfig */;
			buildSettings = {
				ALWAYS_EMBED_SWIFT_STANDARD_LIBRARIES = YES;
				BUNDLE_LOADER = "$(TEST_HOST)";
				CODE_SIGN_STYLE = Automatic;
				CURRENT_PROJECT_VERSION = 1;
				DEVELOPMENT_TEAM = FJ57DUH592;
				GENERATE_INFOPLIST_FILE = YES;
				IPHONEOS_DEPLOYMENT_TARGET = 15.5;
				MARKETING_VERSION = 1.0;
				PRODUCT_BUNDLE_IDENTIFIER = Develop.WaffleTests;
				PRODUCT_NAME = "$(TARGET_NAME)";
				SWIFT_EMIT_LOC_STRINGS = NO;
				SWIFT_VERSION = 5.0;
				TARGETED_DEVICE_FAMILY = "1,2";
				TEST_HOST = "$(BUILT_PRODUCTS_DIR)/Waffle.app/Waffle";
			};
			name = Debug;
		};
		F2A413032849EFD900E04BF5 /* Release */ = {
			isa = XCBuildConfiguration;
			baseConfigurationReference = EDAC56E515A0DCE28384B965 /* Pods-WaffleTests.release.xcconfig */;
			buildSettings = {
				ALWAYS_EMBED_SWIFT_STANDARD_LIBRARIES = YES;
				BUNDLE_LOADER = "$(TEST_HOST)";
				CODE_SIGN_STYLE = Automatic;
				CURRENT_PROJECT_VERSION = 1;
				DEVELOPMENT_TEAM = FJ57DUH592;
				GENERATE_INFOPLIST_FILE = YES;
				IPHONEOS_DEPLOYMENT_TARGET = 15.5;
				MARKETING_VERSION = 1.0;
				PRODUCT_BUNDLE_IDENTIFIER = Develop.WaffleTests;
				PRODUCT_NAME = "$(TARGET_NAME)";
				SWIFT_EMIT_LOC_STRINGS = NO;
				SWIFT_VERSION = 5.0;
				TARGETED_DEVICE_FAMILY = "1,2";
				TEST_HOST = "$(BUILT_PRODUCTS_DIR)/Waffle.app/Waffle";
			};
			name = Release;
		};
		F2A413052849EFD900E04BF5 /* Debug */ = {
			isa = XCBuildConfiguration;
			baseConfigurationReference = 3137181A0A244FBFB41258C3 /* Pods-Waffle-WaffleUITests.debug.xcconfig */;
			buildSettings = {
				ALWAYS_EMBED_SWIFT_STANDARD_LIBRARIES = YES;
				CODE_SIGN_STYLE = Automatic;
				CURRENT_PROJECT_VERSION = 1;
				DEVELOPMENT_TEAM = FJ57DUH592;
				GENERATE_INFOPLIST_FILE = YES;
				MARKETING_VERSION = 1.0;
				PRODUCT_BUNDLE_IDENTIFIER = Develop.WaffleUITests;
				PRODUCT_NAME = "$(TARGET_NAME)";
				SWIFT_EMIT_LOC_STRINGS = NO;
				SWIFT_VERSION = 5.0;
				TARGETED_DEVICE_FAMILY = "1,2";
				TEST_TARGET_NAME = Waffle;
			};
			name = Debug;
		};
		F2A413062849EFD900E04BF5 /* Release */ = {
			isa = XCBuildConfiguration;
			baseConfigurationReference = 44462EB903AB7B8128E5EEF4 /* Pods-Waffle-WaffleUITests.release.xcconfig */;
			buildSettings = {
				ALWAYS_EMBED_SWIFT_STANDARD_LIBRARIES = YES;
				CODE_SIGN_STYLE = Automatic;
				CURRENT_PROJECT_VERSION = 1;
				DEVELOPMENT_TEAM = FJ57DUH592;
				GENERATE_INFOPLIST_FILE = YES;
				MARKETING_VERSION = 1.0;
				PRODUCT_BUNDLE_IDENTIFIER = Develop.WaffleUITests;
				PRODUCT_NAME = "$(TARGET_NAME)";
				SWIFT_EMIT_LOC_STRINGS = NO;
				SWIFT_VERSION = 5.0;
				TARGETED_DEVICE_FAMILY = "1,2";
				TEST_TARGET_NAME = Waffle;
			};
			name = Release;
		};
/* End XCBuildConfiguration section */

/* Begin XCConfigurationList section */
		F2A412CF2849EFD700E04BF5 /* Build configuration list for PBXProject "Waffle" */ = {
			isa = XCConfigurationList;
			buildConfigurations = (
				F2A412FC2849EFD900E04BF5 /* Debug */,
				F2A412FD2849EFD900E04BF5 /* Release */,
			);
			defaultConfigurationIsVisible = 0;
			defaultConfigurationName = Release;
		};
		F2A412FE2849EFD900E04BF5 /* Build configuration list for PBXNativeTarget "Waffle" */ = {
			isa = XCConfigurationList;
			buildConfigurations = (
				F2A412FF2849EFD900E04BF5 /* Debug */,
				F2A413002849EFD900E04BF5 /* Release */,
			);
			defaultConfigurationIsVisible = 0;
			defaultConfigurationName = Release;
		};
		F2A413012849EFD900E04BF5 /* Build configuration list for PBXNativeTarget "WaffleTests" */ = {
			isa = XCConfigurationList;
			buildConfigurations = (
				F2A413022849EFD900E04BF5 /* Debug */,
				F2A413032849EFD900E04BF5 /* Release */,
			);
			defaultConfigurationIsVisible = 0;
			defaultConfigurationName = Release;
		};
		F2A413042849EFD900E04BF5 /* Build configuration list for PBXNativeTarget "WaffleUITests" */ = {
			isa = XCConfigurationList;
			buildConfigurations = (
				F2A413052849EFD900E04BF5 /* Debug */,
				F2A413062849EFD900E04BF5 /* Release */,
			);
			defaultConfigurationIsVisible = 0;
			defaultConfigurationName = Release;
		};
/* End XCConfigurationList section */
	};
	rootObject = F2A412CC2849EFD700E04BF5 /* Project object */;
}
